// !$*UTF8*$!
{
	archiveVersion = 1;
	classes = {
	};
	objectVersion = 46;
	objects = {

/* Begin PBXBuildFile section */
		0892949E1B3AAA6600B1AC68 /* AddressBook.m in Sources */ = {isa = PBXBuildFile; fileRef = 0892949D1B3AAA6600B1AC68 /* AddressBook.m */; };
		089294A11B3AAB4000B1AC68 /* AppOrder.m in Sources */ = {isa = PBXBuildFile; fileRef = 089294A01B3AAB4000B1AC68 /* AppOrder.m */; };
		089294A41B3AAC2400B1AC68 /* AppOrderQueryReq.m in Sources */ = {isa = PBXBuildFile; fileRef = 089294A31B3AAC2400B1AC68 /* AppOrderQueryReq.m */; };
		089294A71B3AACD100B1AC68 /* AppOrderReq.m in Sources */ = {isa = PBXBuildFile; fileRef = 089294A61B3AACD100B1AC68 /* AppOrderReq.m */; };
		089294AA1B3AAD6200B1AC68 /* ComplaintReq.m in Sources */ = {isa = PBXBuildFile; fileRef = 089294A91B3AAD6200B1AC68 /* ComplaintReq.m */; };
		089294AD1B3AAE2700B1AC68 /* ExpressAgingQueryReq.m in Sources */ = {isa = PBXBuildFile; fileRef = 089294AC1B3AAE2700B1AC68 /* ExpressAgingQueryReq.m */; };
		089294B01B3AAED900B1AC68 /* ResultPOJO.m in Sources */ = {isa = PBXBuildFile; fileRef = 089294AF1B3AAED900B1AC68 /* ResultPOJO.m */; };
		089294B31B3AAF6000B1AC68 /* SenderAddressBookReq.m in Sources */ = {isa = PBXBuildFile; fileRef = 089294B21B3AAF6000B1AC68 /* SenderAddressBookReq.m */; };
		089294B61B3AB2AA00B1AC68 /* SiteInfo.m in Sources */ = {isa = PBXBuildFile; fileRef = 089294B51B3AB2AA00B1AC68 /* SiteInfo.m */; };
		089294B91B3AB4D700B1AC68 /* SiteQueryReq.m in Sources */ = {isa = PBXBuildFile; fileRef = 089294B81B3AB4D700B1AC68 /* SiteQueryReq.m */; };
		089294BC1B3AB58600B1AC68 /* VersionUpdateReq.m in Sources */ = {isa = PBXBuildFile; fileRef = 089294BB1B3AB58600B1AC68 /* VersionUpdateReq.m */; };
		089294C11B3AB7F600B1AC68 /* AboutViewController.m in Sources */ = {isa = PBXBuildFile; fileRef = 089294BF1B3AB7F600B1AC68 /* AboutViewController.m */; };
		089294C21B3AB7F600B1AC68 /* AboutViewController.xib in Resources */ = {isa = PBXBuildFile; fileRef = 089294C01B3AB7F600B1AC68 /* AboutViewController.xib */; };
		089294C91B3AB85800B1AC68 /* AddAddressViewController.m in Sources */ = {isa = PBXBuildFile; fileRef = 089294C71B3AB85800B1AC68 /* AddAddressViewController.m */; };
		089294CA1B3AB85800B1AC68 /* AddAddressViewController.xib in Resources */ = {isa = PBXBuildFile; fileRef = 089294C81B3AB85800B1AC68 /* AddAddressViewController.xib */; };
		089294CE1B3AB88600B1AC68 /* AddressViewController.m in Sources */ = {isa = PBXBuildFile; fileRef = 089294CC1B3AB88600B1AC68 /* AddressViewController.m */; };
		089294CF1B3AB88600B1AC68 /* AddressViewController.xib in Resources */ = {isa = PBXBuildFile; fileRef = 089294CD1B3AB88600B1AC68 /* AddressViewController.xib */; };
		089294D31B3AB8B200B1AC68 /* BillDetailViewController.m in Sources */ = {isa = PBXBuildFile; fileRef = 089294D11B3AB8B200B1AC68 /* BillDetailViewController.m */; };
		089294D41B3AB8B200B1AC68 /* BillDetailViewController.xib in Resources */ = {isa = PBXBuildFile; fileRef = 089294D21B3AB8B200B1AC68 /* BillDetailViewController.xib */; };
		089294D81B3AB8E900B1AC68 /* ChooseAreaViewController.m in Sources */ = {isa = PBXBuildFile; fileRef = 089294D61B3AB8E900B1AC68 /* ChooseAreaViewController.m */; };
		089294D91B3AB8E900B1AC68 /* ChooseAreaViewController.xib in Resources */ = {isa = PBXBuildFile; fileRef = 089294D71B3AB8E900B1AC68 /* ChooseAreaViewController.xib */; };
		089294DD1B3AB91100B1AC68 /* ChooseTimeViewController.m in Sources */ = {isa = PBXBuildFile; fileRef = 089294DB1B3AB91100B1AC68 /* ChooseTimeViewController.m */; };
		089294DE1B3AB91100B1AC68 /* ChooseTimeViewController.xib in Resources */ = {isa = PBXBuildFile; fileRef = 089294DC1B3AB91100B1AC68 /* ChooseTimeViewController.xib */; };
		089294E21B3AB94300B1AC68 /* ComplainViewController.m in Sources */ = {isa = PBXBuildFile; fileRef = 089294E01B3AB94300B1AC68 /* ComplainViewController.m */; };
		089294E31B3AB94300B1AC68 /* ComplainViewController.xib in Resources */ = {isa = PBXBuildFile; fileRef = 089294E11B3AB94300B1AC68 /* ComplainViewController.xib */; };
		089294E71B3AB96C00B1AC68 /* ContrabandViewController.m in Sources */ = {isa = PBXBuildFile; fileRef = 089294E51B3AB96C00B1AC68 /* ContrabandViewController.m */; };
		089294E81B3AB96C00B1AC68 /* ContrabandViewController.xib in Resources */ = {isa = PBXBuildFile; fileRef = 089294E61B3AB96C00B1AC68 /* ContrabandViewController.xib */; };
		089294EC1B3AB99E00B1AC68 /* EmailViewController.m in Sources */ = {isa = PBXBuildFile; fileRef = 089294EA1B3AB99E00B1AC68 /* EmailViewController.m */; };
		089294ED1B3AB99E00B1AC68 /* EmailViewController.xib in Resources */ = {isa = PBXBuildFile; fileRef = 089294EB1B3AB99E00B1AC68 /* EmailViewController.xib */; };
		089294F11B3AB9C500B1AC68 /* ExpressAgingViewController.m in Sources */ = {isa = PBXBuildFile; fileRef = 089294EF1B3AB9C500B1AC68 /* ExpressAgingViewController.m */; };
		089294F21B3AB9C500B1AC68 /* ExpressAgingViewController.xib in Resources */ = {isa = PBXBuildFile; fileRef = 089294F01B3AB9C500B1AC68 /* ExpressAgingViewController.xib */; };
		089294F61B3AB9ED00B1AC68 /* FeedbackViewController.m in Sources */ = {isa = PBXBuildFile; fileRef = 089294F41B3AB9ED00B1AC68 /* FeedbackViewController.m */; };
		089294F71B3AB9ED00B1AC68 /* FeedbackViewController.xib in Resources */ = {isa = PBXBuildFile; fileRef = 089294F51B3AB9ED00B1AC68 /* FeedbackViewController.xib */; };
		089294FB1B3ABA1000B1AC68 /* ForgetViewController.m in Sources */ = {isa = PBXBuildFile; fileRef = 089294F91B3ABA1000B1AC68 /* ForgetViewController.m */; };
		089294FC1B3ABA1000B1AC68 /* ForgetViewController.xib in Resources */ = {isa = PBXBuildFile; fileRef = 089294FA1B3ABA1000B1AC68 /* ForgetViewController.xib */; };
		089295001B3ABA4A00B1AC68 /* MaterialViewController.m in Sources */ = {isa = PBXBuildFile; fileRef = 089294FE1B3ABA4A00B1AC68 /* MaterialViewController.m */; };
		089295011B3ABA4A00B1AC68 /* MaterialViewController.xib in Resources */ = {isa = PBXBuildFile; fileRef = 089294FF1B3ABA4A00B1AC68 /* MaterialViewController.xib */; };
		089295051B3ABA6D00B1AC68 /* ModifyAddressViewController.m in Sources */ = {isa = PBXBuildFile; fileRef = 089295031B3ABA6D00B1AC68 /* ModifyAddressViewController.m */; };
		089295061B3ABA6D00B1AC68 /* ModifyAddressViewController.xib in Resources */ = {isa = PBXBuildFile; fileRef = 089295041B3ABA6D00B1AC68 /* ModifyAddressViewController.xib */; };
		0892950A1B3ABA9300B1AC68 /* MyOrderViewController.m in Sources */ = {isa = PBXBuildFile; fileRef = 089295081B3ABA9300B1AC68 /* MyOrderViewController.m */; };
		0892950B1B3ABA9300B1AC68 /* MyOrderViewController.xib in Resources */ = {isa = PBXBuildFile; fileRef = 089295091B3ABA9300B1AC68 /* MyOrderViewController.xib */; };
		0892950F1B3ABAB900B1AC68 /* NameViewController.m in Sources */ = {isa = PBXBuildFile; fileRef = 0892950D1B3ABAB900B1AC68 /* NameViewController.m */; };
		089295101B3ABAB900B1AC68 /* NameViewController.xib in Resources */ = {isa = PBXBuildFile; fileRef = 0892950E1B3ABAB900B1AC68 /* NameViewController.xib */; };
		089295141B3ABADF00B1AC68 /* NearbyLocationViewController.m in Sources */ = {isa = PBXBuildFile; fileRef = 089295121B3ABADF00B1AC68 /* NearbyLocationViewController.m */; };
		089295151B3ABADF00B1AC68 /* NearbyLocationViewController.xib in Resources */ = {isa = PBXBuildFile; fileRef = 089295131B3ABADF00B1AC68 /* NearbyLocationViewController.xib */; };
		089295191B3ABAFF00B1AC68 /* OrderDetailViewController.m in Sources */ = {isa = PBXBuildFile; fileRef = 089295171B3ABAFF00B1AC68 /* OrderDetailViewController.m */; };
		0892951A1B3ABAFF00B1AC68 /* OrderDetailViewController.xib in Resources */ = {isa = PBXBuildFile; fileRef = 089295181B3ABAFF00B1AC68 /* OrderDetailViewController.xib */; };
		0892951E1B3ABB2300B1AC68 /* PasswordViewController.m in Sources */ = {isa = PBXBuildFile; fileRef = 0892951C1B3ABB2300B1AC68 /* PasswordViewController.m */; };
		0892951F1B3ABB2300B1AC68 /* PasswordViewController.xib in Resources */ = {isa = PBXBuildFile; fileRef = 0892951D1B3ABB2300B1AC68 /* PasswordViewController.xib */; };
		089295231B3ABB7C00B1AC68 /* RegisterViewController.m in Sources */ = {isa = PBXBuildFile; fileRef = 089295211B3ABB7C00B1AC68 /* RegisterViewController.m */; };
		089295241B3ABB7C00B1AC68 /* RegisterViewController.xib in Resources */ = {isa = PBXBuildFile; fileRef = 089295221B3ABB7C00B1AC68 /* RegisterViewController.xib */; };
		089295281B3B94A600B1AC68 /* SentViewController.m in Sources */ = {isa = PBXBuildFile; fileRef = 089295261B3B94A600B1AC68 /* SentViewController.m */; };
		089295291B3B94A600B1AC68 /* SentViewController.xib in Resources */ = {isa = PBXBuildFile; fileRef = 089295271B3B94A600B1AC68 /* SentViewController.xib */; };
		0892952D1B3B94DF00B1AC68 /* ServicesViewController.m in Sources */ = {isa = PBXBuildFile; fileRef = 0892952B1B3B94DF00B1AC68 /* ServicesViewController.m */; };
		0892952E1B3B94DF00B1AC68 /* ServicesViewController.xib in Resources */ = {isa = PBXBuildFile; fileRef = 0892952C1B3B94DF00B1AC68 /* ServicesViewController.xib */; };
		089295321B3B950E00B1AC68 /* SiteDetailViewController.m in Sources */ = {isa = PBXBuildFile; fileRef = 089295301B3B950E00B1AC68 /* SiteDetailViewController.m */; };
		089295331B3B950E00B1AC68 /* SiteDetailViewController.xib in Resources */ = {isa = PBXBuildFile; fileRef = 089295311B3B950E00B1AC68 /* SiteDetailViewController.xib */; };
		089295371B3B953C00B1AC68 /* SiteSearchViewController.m in Sources */ = {isa = PBXBuildFile; fileRef = 089295351B3B953C00B1AC68 /* SiteSearchViewController.m */; };
		089295381B3B953C00B1AC68 /* SiteSearchViewController.xib in Resources */ = {isa = PBXBuildFile; fileRef = 089295361B3B953C00B1AC68 /* SiteSearchViewController.xib */; };
		0892953C1B3B957600B1AC68 /* ToolsViewController.m in Sources */ = {isa = PBXBuildFile; fileRef = 0892953A1B3B957600B1AC68 /* ToolsViewController.m */; };
		0892953D1B3B957600B1AC68 /* ToolsViewController.xib in Resources */ = {isa = PBXBuildFile; fileRef = 0892953B1B3B957600B1AC68 /* ToolsViewController.xib */; };
		2E15A0E01B2A72470086B06F /* main.m in Sources */ = {isa = PBXBuildFile; fileRef = 2E15A0DF1B2A72470086B06F /* main.m */; };
		2E15A0E31B2A72470086B06F /* AppDelegate.m in Sources */ = {isa = PBXBuildFile; fileRef = 2E15A0E21B2A72470086B06F /* AppDelegate.m */; };
		2E15A0EB1B2A72470086B06F /* Images.xcassets in Resources */ = {isa = PBXBuildFile; fileRef = 2E15A0EA1B2A72470086B06F /* Images.xcassets */; };
		2E15A1061B2A742E0086B06F /* tdCurl.m in Sources */ = {isa = PBXBuildFile; fileRef = 2E15A1051B2A742E0086B06F /* tdCurl.m */; };
		2E15A10C1B2A7C780086B06F /* libcurl.a in Frameworks */ = {isa = PBXBuildFile; fileRef = 2E15A10B1B2A7C780086B06F /* libcurl.a */; };
		2E15A10E1B2A7CB40086B06F /* UIKit.framework in Frameworks */ = {isa = PBXBuildFile; fileRef = 2E15A10D1B2A7CB40086B06F /* UIKit.framework */; };
		2E15A1101B2A7CC10086B06F /* Foundation.framework in Frameworks */ = {isa = PBXBuildFile; fileRef = 2E15A10F1B2A7CC10086B06F /* Foundation.framework */; };
		2E15A1121B2A7CD00086B06F /* CoreGraphics.framework in Frameworks */ = {isa = PBXBuildFile; fileRef = 2E15A1111B2A7CD00086B06F /* CoreGraphics.framework */; };
		2E15A1141B2A7CDC0086B06F /* CFNetwork.framework in Frameworks */ = {isa = PBXBuildFile; fileRef = 2E15A1131B2A7CDC0086B06F /* CFNetwork.framework */; };
		2E15A1161B2A7CEA0086B06F /* Security.framework in Frameworks */ = {isa = PBXBuildFile; fileRef = 2E15A1151B2A7CEA0086B06F /* Security.framework */; };
		2E15A1181B2A7FCD0086B06F /* libz.dylib in Frameworks */ = {isa = PBXBuildFile; fileRef = 2E15A1171B2A7FCD0086B06F /* libz.dylib */; };
		2E15A11A1B2AAB6E0086B06F /* libsqlite3.dylib in Frameworks */ = {isa = PBXBuildFile; fileRef = 2E15A1191B2AAB6E0086B06F /* libsqlite3.dylib */; };
		2ED34BE41B2AC89900D07188 /* tdDB.m in Sources */ = {isa = PBXBuildFile; fileRef = 2ED34BE31B2AC89900D07188 /* tdDB.m */; };
		2ED34BEF1B2E5C7F00D07188 /* Bund.bundle in Resources */ = {isa = PBXBuildFile; fileRef = 2ED34BEE1B2E5C7F00D07188 /* Bund.bundle */; };
		2ED34C041B2EAE8D00D07188 /* PubFunction.m in Sources */ = {isa = PBXBuildFile; fileRef = 2ED34C031B2EAE8D00D07188 /* PubFunction.m */; };
		2ED34C091B2EC59B00D07188 /* ScrViewController.m in Sources */ = {isa = PBXBuildFile; fileRef = 2ED34C071B2EC59B00D07188 /* ScrViewController.m */; };
		2ED34C0A1B2EC59B00D07188 /* ScrViewController.xib in Resources */ = {isa = PBXBuildFile; fileRef = 2ED34C081B2EC59B00D07188 /* ScrViewController.xib */; };
		2ED34C1A1B2FADE800D07188 /* AKTab.m in Sources */ = {isa = PBXBuildFile; fileRef = 2ED34C111B2FADE800D07188 /* AKTab.m */; };
		2ED34C1B1B2FADE800D07188 /* AKTabBar.m in Sources */ = {isa = PBXBuildFile; fileRef = 2ED34C131B2FADE800D07188 /* AKTabBar.m */; };
		2ED34C1C1B2FADE800D07188 /* AKTabBarController.m in Sources */ = {isa = PBXBuildFile; fileRef = 2ED34C151B2FADE800D07188 /* AKTabBarController.m */; };
		2ED34C1D1B2FADE800D07188 /* UINavigationController+AKTabBarController.m in Sources */ = {isa = PBXBuildFile; fileRef = 2ED34C181B2FADE800D07188 /* UINavigationController+AKTabBarController.m */; };
		2ED34C201B2FADF400D07188 /* AKTabBarView.m in Sources */ = {isa = PBXBuildFile; fileRef = 2ED34C1E1B2FADF400D07188 /* AKTabBarView.m */; };
		2ED34C211B2FADF400D07188 /* UIViewController+AKTabBarController.m in Sources */ = {isa = PBXBuildFile; fileRef = 2ED34C1F1B2FADF400D07188 /* UIViewController+AKTabBarController.m */; };
		2ED34C241B2FAE6600D07188 /* QuartzCore.framework in Frameworks */ = {isa = PBXBuildFile; fileRef = 2ED34C231B2FAE6600D07188 /* QuartzCore.framework */; };
		2ED34C311B2FCC0E00D07188 /* ConViewController.m in Sources */ = {isa = PBXBuildFile; fileRef = 2ED34C301B2FCC0E00D07188 /* ConViewController.m */; };
		2ED34C381B2FCE2800D07188 /* MorViewController.m in Sources */ = {isa = PBXBuildFile; fileRef = 2ED34C361B2FCE2800D07188 /* MorViewController.m */; };
		2ED34C391B2FCE2800D07188 /* MorViewController.xib in Resources */ = {isa = PBXBuildFile; fileRef = 2ED34C371B2FCE2800D07188 /* MorViewController.xib */; };
		2ED34C3D1B2FCE4D00D07188 /* MyViewController.m in Sources */ = {isa = PBXBuildFile; fileRef = 2ED34C3B1B2FCE4D00D07188 /* MyViewController.m */; };
		2ED34C3E1B2FCE4D00D07188 /* MyViewController.xib in Resources */ = {isa = PBXBuildFile; fileRef = 2ED34C3C1B2FCE4D00D07188 /* MyViewController.xib */; };
		2ED34C421B2FF82A00D07188 /* MTViewController.m in Sources */ = {isa = PBXBuildFile; fileRef = 2ED34C401B2FF82A00D07188 /* MTViewController.m */; };
		2ED34C431B2FF82A00D07188 /* MTViewController.xib in Resources */ = {isa = PBXBuildFile; fileRef = 2ED34C411B2FF82A00D07188 /* MTViewController.xib */; };
		2ED34C491B302EAB00D07188 /* CurViewController.m in Sources */ = {isa = PBXBuildFile; fileRef = 2ED34C481B302EAB00D07188 /* CurViewController.m */; };
		2ED34C4D1B302EF600D07188 /* FindBillViewController.m in Sources */ = {isa = PBXBuildFile; fileRef = 2ED34C4B1B302EF600D07188 /* FindBillViewController.m */; };
		2ED34C4E1B302EF600D07188 /* FindBillViewController.xib in Resources */ = {isa = PBXBuildFile; fileRef = 2ED34C4C1B302EF600D07188 /* FindBillViewController.xib */; };
		2ED34C521B30FC3900D07188 /* LoginViewController.m in Sources */ = {isa = PBXBuildFile; fileRef = 2ED34C501B30FC3900D07188 /* LoginViewController.m */; };
		2ED34C5A1B31109A00D07188 /* BaseReq.m in Sources */ = {isa = PBXBuildFile; fileRef = 2ED34C591B31109A00D07188 /* BaseReq.m */; };
		2ED34C5D1B31132100D07188 /* AppUser.m in Sources */ = {isa = PBXBuildFile; fileRef = 2ED34C5C1B31132100D07188 /* AppUser.m */; };
		2ED34C601B31137300D07188 /* AppUserReq.m in Sources */ = {isa = PBXBuildFile; fileRef = 2ED34C5F1B31137300D07188 /* AppUserReq.m */; };
		2ED34C631B31199900D07188 /* JsonObject.m in Sources */ = {isa = PBXBuildFile; fileRef = 2ED34C621B31199900D07188 /* JsonObject.m */; };
		2ED34C6E1B317A0600D07188 /* TrackReq.m in Sources */ = {isa = PBXBuildFile; fileRef = 2ED34C6D1B317A0600D07188 /* TrackReq.m */; };
		2EDFA3D61B3CF78F003F7E2B /* LoginViewController.xib in Resources */ = {isa = PBXBuildFile; fileRef = 2EDFA3D81B3CF78F003F7E2B /* LoginViewController.xib */; };
/* End PBXBuildFile section */

/* Begin PBXFileReference section */
		0892949C1B3AAA6600B1AC68 /* AddressBook.h */ = {isa = PBXFileReference; fileEncoding = 4; lastKnownFileType = sourcecode.c.h; name = AddressBook.h; path = leso/class/AddressBook.h; sourceTree = "<group>"; };
		0892949D1B3AAA6600B1AC68 /* AddressBook.m */ = {isa = PBXFileReference; fileEncoding = 4; lastKnownFileType = sourcecode.c.objc; name = AddressBook.m; path = leso/class/AddressBook.m; sourceTree = "<group>"; };
		0892949F1B3AAB4000B1AC68 /* AppOrder.h */ = {isa = PBXFileReference; fileEncoding = 4; lastKnownFileType = sourcecode.c.h; name = AppOrder.h; path = leso/class/AppOrder.h; sourceTree = "<group>"; };
		089294A01B3AAB4000B1AC68 /* AppOrder.m */ = {isa = PBXFileReference; fileEncoding = 4; lastKnownFileType = sourcecode.c.objc; name = AppOrder.m; path = leso/class/AppOrder.m; sourceTree = "<group>"; };
		089294A21B3AAC2400B1AC68 /* AppOrderQueryReq.h */ = {isa = PBXFileReference; fileEncoding = 4; lastKnownFileType = sourcecode.c.h; name = AppOrderQueryReq.h; path = leso/class/AppOrderQueryReq.h; sourceTree = "<group>"; };
		089294A31B3AAC2400B1AC68 /* AppOrderQueryReq.m */ = {isa = PBXFileReference; fileEncoding = 4; lastKnownFileType = sourcecode.c.objc; name = AppOrderQueryReq.m; path = leso/class/AppOrderQueryReq.m; sourceTree = "<group>"; };
		089294A51B3AACD100B1AC68 /* AppOrderReq.h */ = {isa = PBXFileReference; fileEncoding = 4; lastKnownFileType = sourcecode.c.h; name = AppOrderReq.h; path = leso/class/AppOrderReq.h; sourceTree = "<group>"; };
		089294A61B3AACD100B1AC68 /* AppOrderReq.m */ = {isa = PBXFileReference; fileEncoding = 4; lastKnownFileType = sourcecode.c.objc; name = AppOrderReq.m; path = leso/class/AppOrderReq.m; sourceTree = "<group>"; };
		089294A81B3AAD6200B1AC68 /* ComplaintReq.h */ = {isa = PBXFileReference; fileEncoding = 4; lastKnownFileType = sourcecode.c.h; name = ComplaintReq.h; path = leso/class/ComplaintReq.h; sourceTree = "<group>"; };
		089294A91B3AAD6200B1AC68 /* ComplaintReq.m */ = {isa = PBXFileReference; fileEncoding = 4; lastKnownFileType = sourcecode.c.objc; name = ComplaintReq.m; path = leso/class/ComplaintReq.m; sourceTree = "<group>"; };
		089294AB1B3AAE2700B1AC68 /* ExpressAgingQueryReq.h */ = {isa = PBXFileReference; fileEncoding = 4; lastKnownFileType = sourcecode.c.h; name = ExpressAgingQueryReq.h; path = leso/class/ExpressAgingQueryReq.h; sourceTree = "<group>"; };
		089294AC1B3AAE2700B1AC68 /* ExpressAgingQueryReq.m */ = {isa = PBXFileReference; fileEncoding = 4; lastKnownFileType = sourcecode.c.objc; name = ExpressAgingQueryReq.m; path = leso/class/ExpressAgingQueryReq.m; sourceTree = "<group>"; };
		089294AE1B3AAED900B1AC68 /* ResultPOJO.h */ = {isa = PBXFileReference; fileEncoding = 4; lastKnownFileType = sourcecode.c.h; name = ResultPOJO.h; path = leso/class/ResultPOJO.h; sourceTree = "<group>"; };
		089294AF1B3AAED900B1AC68 /* ResultPOJO.m */ = {isa = PBXFileReference; fileEncoding = 4; lastKnownFileType = sourcecode.c.objc; name = ResultPOJO.m; path = leso/class/ResultPOJO.m; sourceTree = "<group>"; };
		089294B11B3AAF6000B1AC68 /* SenderAddressBookReq.h */ = {isa = PBXFileReference; fileEncoding = 4; lastKnownFileType = sourcecode.c.h; name = SenderAddressBookReq.h; path = leso/class/SenderAddressBookReq.h; sourceTree = "<group>"; };
		089294B21B3AAF6000B1AC68 /* SenderAddressBookReq.m */ = {isa = PBXFileReference; fileEncoding = 4; lastKnownFileType = sourcecode.c.objc; name = SenderAddressBookReq.m; path = leso/class/SenderAddressBookReq.m; sourceTree = "<group>"; };
		089294B41B3AB2AA00B1AC68 /* SiteInfo.h */ = {isa = PBXFileReference; fileEncoding = 4; lastKnownFileType = sourcecode.c.h; name = SiteInfo.h; path = leso/class/SiteInfo.h; sourceTree = "<group>"; };
		089294B51B3AB2AA00B1AC68 /* SiteInfo.m */ = {isa = PBXFileReference; fileEncoding = 4; lastKnownFileType = sourcecode.c.objc; name = SiteInfo.m; path = leso/class/SiteInfo.m; sourceTree = "<group>"; };
		089294B71B3AB4D700B1AC68 /* SiteQueryReq.h */ = {isa = PBXFileReference; fileEncoding = 4; lastKnownFileType = sourcecode.c.h; name = SiteQueryReq.h; path = leso/class/SiteQueryReq.h; sourceTree = "<group>"; };
		089294B81B3AB4D700B1AC68 /* SiteQueryReq.m */ = {isa = PBXFileReference; fileEncoding = 4; lastKnownFileType = sourcecode.c.objc; name = SiteQueryReq.m; path = leso/class/SiteQueryReq.m; sourceTree = "<group>"; };
		089294BA1B3AB58600B1AC68 /* VersionUpdateReq.h */ = {isa = PBXFileReference; fileEncoding = 4; lastKnownFileType = sourcecode.c.h; name = VersionUpdateReq.h; path = leso/class/VersionUpdateReq.h; sourceTree = "<group>"; };
		089294BB1B3AB58600B1AC68 /* VersionUpdateReq.m */ = {isa = PBXFileReference; fileEncoding = 4; lastKnownFileType = sourcecode.c.objc; name = VersionUpdateReq.m; path = leso/class/VersionUpdateReq.m; sourceTree = "<group>"; };
		089294BE1B3AB7F600B1AC68 /* AboutViewController.h */ = {isa = PBXFileReference; fileEncoding = 4; lastKnownFileType = sourcecode.c.h; name = AboutViewController.h; path = uiclass/AboutViewController.h; sourceTree = "<group>"; };
		089294BF1B3AB7F600B1AC68 /* AboutViewController.m */ = {isa = PBXFileReference; fileEncoding = 4; lastKnownFileType = sourcecode.c.objc; name = AboutViewController.m; path = uiclass/AboutViewController.m; sourceTree = "<group>"; };
		089294C01B3AB7F600B1AC68 /* AboutViewController.xib */ = {isa = PBXFileReference; fileEncoding = 4; lastKnownFileType = file.xib; name = AboutViewController.xib; path = leso/uiclass/AboutViewController.xib; sourceTree = "<group>"; };
		089294C61B3AB85800B1AC68 /* AddAddressViewController.h */ = {isa = PBXFileReference; fileEncoding = 4; lastKnownFileType = sourcecode.c.h; name = AddAddressViewController.h; path = uiclass/AddAddressViewController.h; sourceTree = "<group>"; };
		089294C71B3AB85800B1AC68 /* AddAddressViewController.m */ = {isa = PBXFileReference; fileEncoding = 4; lastKnownFileType = sourcecode.c.objc; name = AddAddressViewController.m; path = uiclass/AddAddressViewController.m; sourceTree = "<group>"; };
		089294C81B3AB85800B1AC68 /* AddAddressViewController.xib */ = {isa = PBXFileReference; fileEncoding = 4; lastKnownFileType = file.xib; name = AddAddressViewController.xib; path = leso/uiclass/AddAddressViewController.xib; sourceTree = "<group>"; };
		089294CB1B3AB88600B1AC68 /* AddressViewController.h */ = {isa = PBXFileReference; fileEncoding = 4; lastKnownFileType = sourcecode.c.h; name = AddressViewController.h; path = uiclass/AddressViewController.h; sourceTree = "<group>"; };
		089294CC1B3AB88600B1AC68 /* AddressViewController.m */ = {isa = PBXFileReference; fileEncoding = 4; lastKnownFileType = sourcecode.c.objc; name = AddressViewController.m; path = uiclass/AddressViewController.m; sourceTree = "<group>"; };
		089294CD1B3AB88600B1AC68 /* AddressViewController.xib */ = {isa = PBXFileReference; fileEncoding = 4; lastKnownFileType = file.xib; name = AddressViewController.xib; path = leso/uiclass/AddressViewController.xib; sourceTree = "<group>"; };
		089294D01B3AB8B200B1AC68 /* BillDetailViewController.h */ = {isa = PBXFileReference; fileEncoding = 4; lastKnownFileType = sourcecode.c.h; name = BillDetailViewController.h; path = uiclass/BillDetailViewController.h; sourceTree = "<group>"; };
		089294D11B3AB8B200B1AC68 /* BillDetailViewController.m */ = {isa = PBXFileReference; fileEncoding = 4; lastKnownFileType = sourcecode.c.objc; name = BillDetailViewController.m; path = uiclass/BillDetailViewController.m; sourceTree = "<group>"; };
		089294D21B3AB8B200B1AC68 /* BillDetailViewController.xib */ = {isa = PBXFileReference; fileEncoding = 4; lastKnownFileType = file.xib; name = BillDetailViewController.xib; path = leso/uiclass/BillDetailViewController.xib; sourceTree = "<group>"; };
		089294D51B3AB8E900B1AC68 /* ChooseAreaViewController.h */ = {isa = PBXFileReference; fileEncoding = 4; lastKnownFileType = sourcecode.c.h; name = ChooseAreaViewController.h; path = uiclass/ChooseAreaViewController.h; sourceTree = "<group>"; };
		089294D61B3AB8E900B1AC68 /* ChooseAreaViewController.m */ = {isa = PBXFileReference; fileEncoding = 4; lastKnownFileType = sourcecode.c.objc; name = ChooseAreaViewController.m; path = uiclass/ChooseAreaViewController.m; sourceTree = "<group>"; };
		089294D71B3AB8E900B1AC68 /* ChooseAreaViewController.xib */ = {isa = PBXFileReference; fileEncoding = 4; lastKnownFileType = file.xib; name = ChooseAreaViewController.xib; path = leso/uiclass/ChooseAreaViewController.xib; sourceTree = "<group>"; };
		089294DA1B3AB91100B1AC68 /* ChooseTimeViewController.h */ = {isa = PBXFileReference; fileEncoding = 4; lastKnownFileType = sourcecode.c.h; name = ChooseTimeViewController.h; path = uiclass/ChooseTimeViewController.h; sourceTree = "<group>"; };
		089294DB1B3AB91100B1AC68 /* ChooseTimeViewController.m */ = {isa = PBXFileReference; fileEncoding = 4; lastKnownFileType = sourcecode.c.objc; name = ChooseTimeViewController.m; path = uiclass/ChooseTimeViewController.m; sourceTree = "<group>"; };
		089294DC1B3AB91100B1AC68 /* ChooseTimeViewController.xib */ = {isa = PBXFileReference; fileEncoding = 4; lastKnownFileType = file.xib; name = ChooseTimeViewController.xib; path = leso/uiclass/ChooseTimeViewController.xib; sourceTree = "<group>"; };
		089294DF1B3AB94300B1AC68 /* ComplainViewController.h */ = {isa = PBXFileReference; fileEncoding = 4; lastKnownFileType = sourcecode.c.h; name = ComplainViewController.h; path = uiclass/ComplainViewController.h; sourceTree = "<group>"; };
		089294E01B3AB94300B1AC68 /* ComplainViewController.m */ = {isa = PBXFileReference; fileEncoding = 4; lastKnownFileType = sourcecode.c.objc; name = ComplainViewController.m; path = uiclass/ComplainViewController.m; sourceTree = "<group>"; };
		089294E11B3AB94300B1AC68 /* ComplainViewController.xib */ = {isa = PBXFileReference; fileEncoding = 4; lastKnownFileType = file.xib; name = ComplainViewController.xib; path = leso/uiclass/ComplainViewController.xib; sourceTree = "<group>"; };
		089294E41B3AB96C00B1AC68 /* ContrabandViewController.h */ = {isa = PBXFileReference; fileEncoding = 4; lastKnownFileType = sourcecode.c.h; name = ContrabandViewController.h; path = uiclass/ContrabandViewController.h; sourceTree = "<group>"; };
		089294E51B3AB96C00B1AC68 /* ContrabandViewController.m */ = {isa = PBXFileReference; fileEncoding = 4; lastKnownFileType = sourcecode.c.objc; name = ContrabandViewController.m; path = uiclass/ContrabandViewController.m; sourceTree = "<group>"; };
		089294E61B3AB96C00B1AC68 /* ContrabandViewController.xib */ = {isa = PBXFileReference; fileEncoding = 4; lastKnownFileType = file.xib; name = ContrabandViewController.xib; path = leso/uiclass/ContrabandViewController.xib; sourceTree = "<group>"; };
		089294E91B3AB99E00B1AC68 /* EmailViewController.h */ = {isa = PBXFileReference; fileEncoding = 4; lastKnownFileType = sourcecode.c.h; name = EmailViewController.h; path = uiclass/EmailViewController.h; sourceTree = "<group>"; };
		089294EA1B3AB99E00B1AC68 /* EmailViewController.m */ = {isa = PBXFileReference; fileEncoding = 4; lastKnownFileType = sourcecode.c.objc; name = EmailViewController.m; path = uiclass/EmailViewController.m; sourceTree = "<group>"; };
		089294EB1B3AB99E00B1AC68 /* EmailViewController.xib */ = {isa = PBXFileReference; fileEncoding = 4; lastKnownFileType = file.xib; name = EmailViewController.xib; path = leso/uiclass/EmailViewController.xib; sourceTree = "<group>"; };
		089294EE1B3AB9C500B1AC68 /* ExpressAgingViewController.h */ = {isa = PBXFileReference; fileEncoding = 4; lastKnownFileType = sourcecode.c.h; name = ExpressAgingViewController.h; path = uiclass/ExpressAgingViewController.h; sourceTree = "<group>"; };
		089294EF1B3AB9C500B1AC68 /* ExpressAgingViewController.m */ = {isa = PBXFileReference; fileEncoding = 4; lastKnownFileType = sourcecode.c.objc; name = ExpressAgingViewController.m; path = uiclass/ExpressAgingViewController.m; sourceTree = "<group>"; };
		089294F01B3AB9C500B1AC68 /* ExpressAgingViewController.xib */ = {isa = PBXFileReference; fileEncoding = 4; lastKnownFileType = file.xib; name = ExpressAgingViewController.xib; path = leso/uiclass/ExpressAgingViewController.xib; sourceTree = "<group>"; };
		089294F31B3AB9ED00B1AC68 /* FeedbackViewController.h */ = {isa = PBXFileReference; fileEncoding = 4; lastKnownFileType = sourcecode.c.h; name = FeedbackViewController.h; path = uiclass/FeedbackViewController.h; sourceTree = "<group>"; };
		089294F41B3AB9ED00B1AC68 /* FeedbackViewController.m */ = {isa = PBXFileReference; fileEncoding = 4; lastKnownFileType = sourcecode.c.objc; name = FeedbackViewController.m; path = uiclass/FeedbackViewController.m; sourceTree = "<group>"; };
		089294F51B3AB9ED00B1AC68 /* FeedbackViewController.xib */ = {isa = PBXFileReference; fileEncoding = 4; lastKnownFileType = file.xib; name = FeedbackViewController.xib; path = leso/uiclass/FeedbackViewController.xib; sourceTree = "<group>"; };
		089294F81B3ABA1000B1AC68 /* ForgetViewController.h */ = {isa = PBXFileReference; fileEncoding = 4; lastKnownFileType = sourcecode.c.h; name = ForgetViewController.h; path = uiclass/ForgetViewController.h; sourceTree = "<group>"; };
		089294F91B3ABA1000B1AC68 /* ForgetViewController.m */ = {isa = PBXFileReference; fileEncoding = 4; lastKnownFileType = sourcecode.c.objc; name = ForgetViewController.m; path = uiclass/ForgetViewController.m; sourceTree = "<group>"; };
		089294FA1B3ABA1000B1AC68 /* ForgetViewController.xib */ = {isa = PBXFileReference; fileEncoding = 4; lastKnownFileType = file.xib; name = ForgetViewController.xib; path = leso/uiclass/ForgetViewController.xib; sourceTree = "<group>"; };
		089294FD1B3ABA4A00B1AC68 /* MaterialViewController.h */ = {isa = PBXFileReference; fileEncoding = 4; lastKnownFileType = sourcecode.c.h; name = MaterialViewController.h; path = uiclass/MaterialViewController.h; sourceTree = "<group>"; };
		089294FE1B3ABA4A00B1AC68 /* MaterialViewController.m */ = {isa = PBXFileReference; fileEncoding = 4; lastKnownFileType = sourcecode.c.objc; name = MaterialViewController.m; path = uiclass/MaterialViewController.m; sourceTree = "<group>"; };
		089294FF1B3ABA4A00B1AC68 /* MaterialViewController.xib */ = {isa = PBXFileReference; fileEncoding = 4; lastKnownFileType = file.xib; name = MaterialViewController.xib; path = leso/uiclass/MaterialViewController.xib; sourceTree = "<group>"; };
		089295021B3ABA6D00B1AC68 /* ModifyAddressViewController.h */ = {isa = PBXFileReference; fileEncoding = 4; lastKnownFileType = sourcecode.c.h; name = ModifyAddressViewController.h; path = uiclass/ModifyAddressViewController.h; sourceTree = "<group>"; };
		089295031B3ABA6D00B1AC68 /* ModifyAddressViewController.m */ = {isa = PBXFileReference; fileEncoding = 4; lastKnownFileType = sourcecode.c.objc; name = ModifyAddressViewController.m; path = uiclass/ModifyAddressViewController.m; sourceTree = "<group>"; };
		089295041B3ABA6D00B1AC68 /* ModifyAddressViewController.xib */ = {isa = PBXFileReference; fileEncoding = 4; lastKnownFileType = file.xib; name = ModifyAddressViewController.xib; path = leso/uiclass/ModifyAddressViewController.xib; sourceTree = "<group>"; };
		089295071B3ABA9300B1AC68 /* MyOrderViewController.h */ = {isa = PBXFileReference; fileEncoding = 4; lastKnownFileType = sourcecode.c.h; name = MyOrderViewController.h; path = uiclass/MyOrderViewController.h; sourceTree = "<group>"; };
		089295081B3ABA9300B1AC68 /* MyOrderViewController.m */ = {isa = PBXFileReference; fileEncoding = 4; lastKnownFileType = sourcecode.c.objc; name = MyOrderViewController.m; path = uiclass/MyOrderViewController.m; sourceTree = "<group>"; };
		089295091B3ABA9300B1AC68 /* MyOrderViewController.xib */ = {isa = PBXFileReference; fileEncoding = 4; lastKnownFileType = file.xib; name = MyOrderViewController.xib; path = leso/uiclass/MyOrderViewController.xib; sourceTree = "<group>"; };
		0892950C1B3ABAB900B1AC68 /* NameViewController.h */ = {isa = PBXFileReference; fileEncoding = 4; lastKnownFileType = sourcecode.c.h; name = NameViewController.h; path = uiclass/NameViewController.h; sourceTree = "<group>"; };
		0892950D1B3ABAB900B1AC68 /* NameViewController.m */ = {isa = PBXFileReference; fileEncoding = 4; lastKnownFileType = sourcecode.c.objc; name = NameViewController.m; path = uiclass/NameViewController.m; sourceTree = "<group>"; };
		0892950E1B3ABAB900B1AC68 /* NameViewController.xib */ = {isa = PBXFileReference; fileEncoding = 4; lastKnownFileType = file.xib; name = NameViewController.xib; path = leso/uiclass/NameViewController.xib; sourceTree = "<group>"; };
		089295111B3ABADF00B1AC68 /* NearbyLocationViewController.h */ = {isa = PBXFileReference; fileEncoding = 4; lastKnownFileType = sourcecode.c.h; name = NearbyLocationViewController.h; path = uiclass/NearbyLocationViewController.h; sourceTree = "<group>"; };
		089295121B3ABADF00B1AC68 /* NearbyLocationViewController.m */ = {isa = PBXFileReference; fileEncoding = 4; lastKnownFileType = sourcecode.c.objc; name = NearbyLocationViewController.m; path = uiclass/NearbyLocationViewController.m; sourceTree = "<group>"; };
		089295131B3ABADF00B1AC68 /* NearbyLocationViewController.xib */ = {isa = PBXFileReference; fileEncoding = 4; lastKnownFileType = file.xib; name = NearbyLocationViewController.xib; path = leso/uiclass/NearbyLocationViewController.xib; sourceTree = "<group>"; };
		089295161B3ABAFF00B1AC68 /* OrderDetailViewController.h */ = {isa = PBXFileReference; fileEncoding = 4; lastKnownFileType = sourcecode.c.h; name = OrderDetailViewController.h; path = uiclass/OrderDetailViewController.h; sourceTree = "<group>"; };
		089295171B3ABAFF00B1AC68 /* OrderDetailViewController.m */ = {isa = PBXFileReference; fileEncoding = 4; lastKnownFileType = sourcecode.c.objc; name = OrderDetailViewController.m; path = uiclass/OrderDetailViewController.m; sourceTree = "<group>"; };
		089295181B3ABAFF00B1AC68 /* OrderDetailViewController.xib */ = {isa = PBXFileReference; fileEncoding = 4; lastKnownFileType = file.xib; name = OrderDetailViewController.xib; path = leso/uiclass/OrderDetailViewController.xib; sourceTree = "<group>"; };
		0892951B1B3ABB2300B1AC68 /* PasswordViewController.h */ = {isa = PBXFileReference; fileEncoding = 4; lastKnownFileType = sourcecode.c.h; name = PasswordViewController.h; path = uiclass/PasswordViewController.h; sourceTree = "<group>"; };
		0892951C1B3ABB2300B1AC68 /* PasswordViewController.m */ = {isa = PBXFileReference; fileEncoding = 4; lastKnownFileType = sourcecode.c.objc; name = PasswordViewController.m; path = uiclass/PasswordViewController.m; sourceTree = "<group>"; };
		0892951D1B3ABB2300B1AC68 /* PasswordViewController.xib */ = {isa = PBXFileReference; fileEncoding = 4; lastKnownFileType = file.xib; name = PasswordViewController.xib; path = leso/uiclass/PasswordViewController.xib; sourceTree = "<group>"; };
		089295201B3ABB7C00B1AC68 /* RegisterViewController.h */ = {isa = PBXFileReference; fileEncoding = 4; lastKnownFileType = sourcecode.c.h; name = RegisterViewController.h; path = uiclass/RegisterViewController.h; sourceTree = "<group>"; };
		089295211B3ABB7C00B1AC68 /* RegisterViewController.m */ = {isa = PBXFileReference; fileEncoding = 4; lastKnownFileType = sourcecode.c.objc; name = RegisterViewController.m; path = uiclass/RegisterViewController.m; sourceTree = "<group>"; };
		089295221B3ABB7C00B1AC68 /* RegisterViewController.xib */ = {isa = PBXFileReference; fileEncoding = 4; lastKnownFileType = file.xib; name = RegisterViewController.xib; path = leso/uiclass/RegisterViewController.xib; sourceTree = "<group>"; };
		089295251B3B94A600B1AC68 /* SentViewController.h */ = {isa = PBXFileReference; fileEncoding = 4; lastKnownFileType = sourcecode.c.h; name = SentViewController.h; path = uiclass/SentViewController.h; sourceTree = "<group>"; };
		089295261B3B94A600B1AC68 /* SentViewController.m */ = {isa = PBXFileReference; fileEncoding = 4; lastKnownFileType = sourcecode.c.objc; name = SentViewController.m; path = uiclass/SentViewController.m; sourceTree = "<group>"; };
		089295271B3B94A600B1AC68 /* SentViewController.xib */ = {isa = PBXFileReference; fileEncoding = 4; lastKnownFileType = file.xib; name = SentViewController.xib; path = leso/uiclass/SentViewController.xib; sourceTree = "<group>"; };
		0892952A1B3B94DF00B1AC68 /* ServicesViewController.h */ = {isa = PBXFileReference; fileEncoding = 4; lastKnownFileType = sourcecode.c.h; name = ServicesViewController.h; path = uiclass/ServicesViewController.h; sourceTree = "<group>"; };
		0892952B1B3B94DF00B1AC68 /* ServicesViewController.m */ = {isa = PBXFileReference; fileEncoding = 4; lastKnownFileType = sourcecode.c.objc; name = ServicesViewController.m; path = uiclass/ServicesViewController.m; sourceTree = "<group>"; };
		0892952C1B3B94DF00B1AC68 /* ServicesViewController.xib */ = {isa = PBXFileReference; fileEncoding = 4; lastKnownFileType = file.xib; name = ServicesViewController.xib; path = leso/uiclass/ServicesViewController.xib; sourceTree = "<group>"; };
		0892952F1B3B950E00B1AC68 /* SiteDetailViewController.h */ = {isa = PBXFileReference; fileEncoding = 4; lastKnownFileType = sourcecode.c.h; name = SiteDetailViewController.h; path = uiclass/SiteDetailViewController.h; sourceTree = "<group>"; };
		089295301B3B950E00B1AC68 /* SiteDetailViewController.m */ = {isa = PBXFileReference; fileEncoding = 4; lastKnownFileType = sourcecode.c.objc; name = SiteDetailViewController.m; path = uiclass/SiteDetailViewController.m; sourceTree = "<group>"; };
		089295311B3B950E00B1AC68 /* SiteDetailViewController.xib */ = {isa = PBXFileReference; fileEncoding = 4; lastKnownFileType = file.xib; name = SiteDetailViewController.xib; path = leso/uiclass/SiteDetailViewController.xib; sourceTree = "<group>"; };
		089295341B3B953C00B1AC68 /* SiteSearchViewController.h */ = {isa = PBXFileReference; fileEncoding = 4; lastKnownFileType = sourcecode.c.h; name = SiteSearchViewController.h; path = uiclass/SiteSearchViewController.h; sourceTree = "<group>"; };
		089295351B3B953C00B1AC68 /* SiteSearchViewController.m */ = {isa = PBXFileReference; fileEncoding = 4; lastKnownFileType = sourcecode.c.objc; name = SiteSearchViewController.m; path = uiclass/SiteSearchViewController.m; sourceTree = "<group>"; };
		089295361B3B953C00B1AC68 /* SiteSearchViewController.xib */ = {isa = PBXFileReference; fileEncoding = 4; lastKnownFileType = file.xib; name = SiteSearchViewController.xib; path = leso/uiclass/SiteSearchViewController.xib; sourceTree = "<group>"; };
		089295391B3B957600B1AC68 /* ToolsViewController.h */ = {isa = PBXFileReference; fileEncoding = 4; lastKnownFileType = sourcecode.c.h; name = ToolsViewController.h; path = uiclass/ToolsViewController.h; sourceTree = "<group>"; };
		0892953A1B3B957600B1AC68 /* ToolsViewController.m */ = {isa = PBXFileReference; fileEncoding = 4; lastKnownFileType = sourcecode.c.objc; name = ToolsViewController.m; path = uiclass/ToolsViewController.m; sourceTree = "<group>"; };
		0892953B1B3B957600B1AC68 /* ToolsViewController.xib */ = {isa = PBXFileReference; fileEncoding = 4; lastKnownFileType = file.xib; name = ToolsViewController.xib; path = leso/uiclass/ToolsViewController.xib; sourceTree = "<group>"; };
		2E15A0DA1B2A72470086B06F /* leso.app */ = {isa = PBXFileReference; explicitFileType = wrapper.application; includeInIndex = 0; path = leso.app; sourceTree = BUILT_PRODUCTS_DIR; };
		2E15A0DE1B2A72470086B06F /* Info.plist */ = {isa = PBXFileReference; lastKnownFileType = text.plist.xml; path = Info.plist; sourceTree = "<group>"; };
		2E15A0DF1B2A72470086B06F /* main.m */ = {isa = PBXFileReference; lastKnownFileType = sourcecode.c.objc; path = main.m; sourceTree = "<group>"; };
		2E15A0E11B2A72470086B06F /* AppDelegate.h */ = {isa = PBXFileReference; lastKnownFileType = sourcecode.c.h; path = AppDelegate.h; sourceTree = "<group>"; };
		2E15A0E21B2A72470086B06F /* AppDelegate.m */ = {isa = PBXFileReference; lastKnownFileType = sourcecode.c.objc; path = AppDelegate.m; sourceTree = "<group>"; };
		2E15A0EA1B2A72470086B06F /* Images.xcassets */ = {isa = PBXFileReference; lastKnownFileType = folder.assetcatalog; path = Images.xcassets; sourceTree = "<group>"; };
		2E15A1031B2A73B20086B06F /* curlProtocol.h */ = {isa = PBXFileReference; lastKnownFileType = sourcecode.c.h; name = curlProtocol.h; path = leso/curl/curlProtocol.h; sourceTree = "<group>"; };
		2E15A1041B2A742E0086B06F /* tdCurl.h */ = {isa = PBXFileReference; fileEncoding = 4; lastKnownFileType = sourcecode.c.h; name = tdCurl.h; path = leso/curl/tdCurl.h; sourceTree = "<group>"; };
		2E15A1051B2A742E0086B06F /* tdCurl.m */ = {isa = PBXFileReference; fileEncoding = 4; lastKnownFileType = sourcecode.c.objc; name = tdCurl.m; path = leso/curl/tdCurl.m; sourceTree = "<group>"; };
		2E15A10B1B2A7C780086B06F /* libcurl.a */ = {isa = PBXFileReference; lastKnownFileType = archive.ar; name = libcurl.a; path = leso/afile/libcurl.a; sourceTree = "<group>"; };
		2E15A10D1B2A7CB40086B06F /* UIKit.framework */ = {isa = PBXFileReference; lastKnownFileType = wrapper.framework; name = UIKit.framework; path = System/Library/Frameworks/UIKit.framework; sourceTree = SDKROOT; };
		2E15A10F1B2A7CC10086B06F /* Foundation.framework */ = {isa = PBXFileReference; lastKnownFileType = wrapper.framework; name = Foundation.framework; path = System/Library/Frameworks/Foundation.framework; sourceTree = SDKROOT; };
		2E15A1111B2A7CD00086B06F /* CoreGraphics.framework */ = {isa = PBXFileReference; lastKnownFileType = wrapper.framework; name = CoreGraphics.framework; path = System/Library/Frameworks/CoreGraphics.framework; sourceTree = SDKROOT; };
		2E15A1131B2A7CDC0086B06F /* CFNetwork.framework */ = {isa = PBXFileReference; lastKnownFileType = wrapper.framework; name = CFNetwork.framework; path = System/Library/Frameworks/CFNetwork.framework; sourceTree = SDKROOT; };
		2E15A1151B2A7CEA0086B06F /* Security.framework */ = {isa = PBXFileReference; lastKnownFileType = wrapper.framework; name = Security.framework; path = System/Library/Frameworks/Security.framework; sourceTree = SDKROOT; };
		2E15A1171B2A7FCD0086B06F /* libz.dylib */ = {isa = PBXFileReference; lastKnownFileType = "compiled.mach-o.dylib"; name = libz.dylib; path = usr/lib/libz.dylib; sourceTree = SDKROOT; };
		2E15A1191B2AAB6E0086B06F /* libsqlite3.dylib */ = {isa = PBXFileReference; lastKnownFileType = "compiled.mach-o.dylib"; name = libsqlite3.dylib; path = usr/lib/libsqlite3.dylib; sourceTree = SDKROOT; };
		2ED34BE21B2AC89900D07188 /* tdDB.h */ = {isa = PBXFileReference; fileEncoding = 4; lastKnownFileType = sourcecode.c.h; name = tdDB.h; path = leso/db/tdDB.h; sourceTree = "<group>"; };
		2ED34BE31B2AC89900D07188 /* tdDB.m */ = {isa = PBXFileReference; fileEncoding = 4; lastKnownFileType = sourcecode.c.objc; name = tdDB.m; path = leso/db/tdDB.m; sourceTree = "<group>"; };
		2ED34BEE1B2E5C7F00D07188 /* Bund.bundle */ = {isa = PBXFileReference; lastKnownFileType = "wrapper.plug-in"; name = Bund.bundle; path = leso/Bund.bundle; sourceTree = "<group>"; };
		2ED34C021B2EAE8D00D07188 /* PubFunction.h */ = {isa = PBXFileReference; fileEncoding = 4; lastKnownFileType = sourcecode.c.h; name = PubFunction.h; path = uiclass/PubFunction.h; sourceTree = "<group>"; };
		2ED34C031B2EAE8D00D07188 /* PubFunction.m */ = {isa = PBXFileReference; fileEncoding = 4; lastKnownFileType = sourcecode.c.objc; name = PubFunction.m; path = uiclass/PubFunction.m; sourceTree = "<group>"; };
		2ED34C061B2EC59B00D07188 /* ScrViewController.h */ = {isa = PBXFileReference; fileEncoding = 4; lastKnownFileType = sourcecode.c.h; name = ScrViewController.h; path = uiclass/ScrViewController.h; sourceTree = "<group>"; };
		2ED34C071B2EC59B00D07188 /* ScrViewController.m */ = {isa = PBXFileReference; fileEncoding = 4; lastKnownFileType = sourcecode.c.objc; name = ScrViewController.m; path = uiclass/ScrViewController.m; sourceTree = "<group>"; };
		2ED34C081B2EC59B00D07188 /* ScrViewController.xib */ = {isa = PBXFileReference; fileEncoding = 4; lastKnownFileType = file.xib; name = ScrViewController.xib; path = leso/uiclass/ScrViewController.xib; sourceTree = "<group>"; };
		2ED34C111B2FADE800D07188 /* AKTab.m */ = {isa = PBXFileReference; fileEncoding = 4; lastKnownFileType = sourcecode.c.objc; name = AKTab.m; path = leso/TabBarController/AKTab.m; sourceTree = "<group>"; };
		2ED34C121B2FADE800D07188 /* AKTabBar.h */ = {isa = PBXFileReference; fileEncoding = 4; lastKnownFileType = sourcecode.c.h; name = AKTabBar.h; path = leso/TabBarController/AKTabBar.h; sourceTree = "<group>"; };
		2ED34C131B2FADE800D07188 /* AKTabBar.m */ = {isa = PBXFileReference; fileEncoding = 4; lastKnownFileType = sourcecode.c.objc; name = AKTabBar.m; path = leso/TabBarController/AKTabBar.m; sourceTree = "<group>"; };
		2ED34C141B2FADE800D07188 /* AKTabBarController.h */ = {isa = PBXFileReference; fileEncoding = 4; lastKnownFileType = sourcecode.c.h; name = AKTabBarController.h; path = leso/TabBarController/AKTabBarController.h; sourceTree = "<group>"; };
		2ED34C151B2FADE800D07188 /* AKTabBarController.m */ = {isa = PBXFileReference; fileEncoding = 4; lastKnownFileType = sourcecode.c.objc; name = AKTabBarController.m; path = leso/TabBarController/AKTabBarController.m; sourceTree = "<group>"; };
		2ED34C161B2FADE800D07188 /* AKTabBarView.h */ = {isa = PBXFileReference; fileEncoding = 4; lastKnownFileType = sourcecode.c.h; name = AKTabBarView.h; path = leso/TabBarController/AKTabBarView.h; sourceTree = "<group>"; };
		2ED34C171B2FADE800D07188 /* UINavigationController+AKTabBarController.h */ = {isa = PBXFileReference; fileEncoding = 4; lastKnownFileType = sourcecode.c.h; name = "UINavigationController+AKTabBarController.h"; path = "leso/TabBarController/UINavigationController+AKTabBarController.h"; sourceTree = "<group>"; };
		2ED34C181B2FADE800D07188 /* UINavigationController+AKTabBarController.m */ = {isa = PBXFileReference; fileEncoding = 4; lastKnownFileType = sourcecode.c.objc; name = "UINavigationController+AKTabBarController.m"; path = "leso/TabBarController/UINavigationController+AKTabBarController.m"; sourceTree = "<group>"; };
		2ED34C191B2FADE800D07188 /* UIViewController+AKTabBarController.h */ = {isa = PBXFileReference; fileEncoding = 4; lastKnownFileType = sourcecode.c.h; name = "UIViewController+AKTabBarController.h"; path = "leso/TabBarController/UIViewController+AKTabBarController.h"; sourceTree = "<group>"; };
		2ED34C1E1B2FADF400D07188 /* AKTabBarView.m */ = {isa = PBXFileReference; fileEncoding = 4; lastKnownFileType = sourcecode.c.objc; name = AKTabBarView.m; path = leso/TabBarController/AKTabBarView.m; sourceTree = "<group>"; };
		2ED34C1F1B2FADF400D07188 /* UIViewController+AKTabBarController.m */ = {isa = PBXFileReference; fileEncoding = 4; lastKnownFileType = sourcecode.c.objc; name = "UIViewController+AKTabBarController.m"; path = "leso/TabBarController/UIViewController+AKTabBarController.m"; sourceTree = "<group>"; };
		2ED34C221B2FADFA00D07188 /* AKTab.h */ = {isa = PBXFileReference; lastKnownFileType = sourcecode.c.h; name = AKTab.h; path = leso/TabBarController/AKTab.h; sourceTree = "<group>"; };
		2ED34C231B2FAE6600D07188 /* QuartzCore.framework */ = {isa = PBXFileReference; lastKnownFileType = wrapper.framework; name = QuartzCore.framework; path = System/Library/Frameworks/QuartzCore.framework; sourceTree = SDKROOT; };
		2ED34C2F1B2FCC0E00D07188 /* ConViewController.h */ = {isa = PBXFileReference; fileEncoding = 4; lastKnownFileType = sourcecode.c.h; name = ConViewController.h; path = uiclass/ConViewController.h; sourceTree = "<group>"; };
		2ED34C301B2FCC0E00D07188 /* ConViewController.m */ = {isa = PBXFileReference; fileEncoding = 4; lastKnownFileType = sourcecode.c.objc; name = ConViewController.m; path = uiclass/ConViewController.m; sourceTree = "<group>"; };
		2ED34C351B2FCE2800D07188 /* MorViewController.h */ = {isa = PBXFileReference; fileEncoding = 4; lastKnownFileType = sourcecode.c.h; name = MorViewController.h; path = uiclass/MorViewController.h; sourceTree = "<group>"; };
		2ED34C361B2FCE2800D07188 /* MorViewController.m */ = {isa = PBXFileReference; fileEncoding = 4; lastKnownFileType = sourcecode.c.objc; name = MorViewController.m; path = uiclass/MorViewController.m; sourceTree = "<group>"; };
		2ED34C371B2FCE2800D07188 /* MorViewController.xib */ = {isa = PBXFileReference; fileEncoding = 4; lastKnownFileType = file.xib; name = MorViewController.xib; path = leso/uiclass/MorViewController.xib; sourceTree = "<group>"; };
		2ED34C3A1B2FCE4D00D07188 /* MyViewController.h */ = {isa = PBXFileReference; fileEncoding = 4; lastKnownFileType = sourcecode.c.h; name = MyViewController.h; path = uiclass/MyViewController.h; sourceTree = "<group>"; };
		2ED34C3B1B2FCE4D00D07188 /* MyViewController.m */ = {isa = PBXFileReference; fileEncoding = 4; lastKnownFileType = sourcecode.c.objc; name = MyViewController.m; path = uiclass/MyViewController.m; sourceTree = "<group>"; };
		2ED34C3C1B2FCE4D00D07188 /* MyViewController.xib */ = {isa = PBXFileReference; fileEncoding = 4; lastKnownFileType = file.xib; name = MyViewController.xib; path = leso/uiclass/MyViewController.xib; sourceTree = "<group>"; };
		2ED34C3F1B2FF82A00D07188 /* MTViewController.h */ = {isa = PBXFileReference; fileEncoding = 4; lastKnownFileType = sourcecode.c.h; name = MTViewController.h; path = uiclass/MTViewController.h; sourceTree = "<group>"; };
		2ED34C401B2FF82A00D07188 /* MTViewController.m */ = {isa = PBXFileReference; fileEncoding = 4; lastKnownFileType = sourcecode.c.objc; name = MTViewController.m; path = uiclass/MTViewController.m; sourceTree = "<group>"; };
		2ED34C411B2FF82A00D07188 /* MTViewController.xib */ = {isa = PBXFileReference; fileEncoding = 4; lastKnownFileType = file.xib; name = MTViewController.xib; path = leso/uiclass/MTViewController.xib; sourceTree = "<group>"; };
		2ED34C471B302EAB00D07188 /* CurViewController.h */ = {isa = PBXFileReference; fileEncoding = 4; lastKnownFileType = sourcecode.c.h; name = CurViewController.h; path = uiclass/CurViewController.h; sourceTree = "<group>"; };
		2ED34C481B302EAB00D07188 /* CurViewController.m */ = {isa = PBXFileReference; fileEncoding = 4; lastKnownFileType = sourcecode.c.objc; name = CurViewController.m; path = uiclass/CurViewController.m; sourceTree = "<group>"; };
		2ED34C4A1B302EF600D07188 /* FindBillViewController.h */ = {isa = PBXFileReference; fileEncoding = 4; lastKnownFileType = sourcecode.c.h; name = FindBillViewController.h; path = uiclass/FindBillViewController.h; sourceTree = "<group>"; };
		2ED34C4B1B302EF600D07188 /* FindBillViewController.m */ = {isa = PBXFileReference; fileEncoding = 4; lastKnownFileType = sourcecode.c.objc; name = FindBillViewController.m; path = uiclass/FindBillViewController.m; sourceTree = "<group>"; };
		2ED34C4C1B302EF600D07188 /* FindBillViewController.xib */ = {isa = PBXFileReference; fileEncoding = 4; lastKnownFileType = file.xib; name = FindBillViewController.xib; path = leso/uiclass/FindBillViewController.xib; sourceTree = "<group>"; };
		2ED34C4F1B30FC3900D07188 /* LoginViewController.h */ = {isa = PBXFileReference; fileEncoding = 4; lastKnownFileType = sourcecode.c.h; name = LoginViewController.h; path = uiclass/LoginViewController.h; sourceTree = "<group>"; };
		2ED34C501B30FC3900D07188 /* LoginViewController.m */ = {isa = PBXFileReference; fileEncoding = 4; lastKnownFileType = sourcecode.c.objc; name = LoginViewController.m; path = uiclass/LoginViewController.m; sourceTree = "<group>"; };
		2ED34C581B31109A00D07188 /* BaseReq.h */ = {isa = PBXFileReference; fileEncoding = 4; lastKnownFileType = sourcecode.c.h; name = BaseReq.h; path = leso/class/BaseReq.h; sourceTree = "<group>"; };
		2ED34C591B31109A00D07188 /* BaseReq.m */ = {isa = PBXFileReference; fileEncoding = 4; lastKnownFileType = sourcecode.c.objc; name = BaseReq.m; path = leso/class/BaseReq.m; sourceTree = "<group>"; };
		2ED34C5B1B31132100D07188 /* AppUser.h */ = {isa = PBXFileReference; fileEncoding = 4; lastKnownFileType = sourcecode.c.h; name = AppUser.h; path = leso/class/AppUser.h; sourceTree = "<group>"; };
		2ED34C5C1B31132100D07188 /* AppUser.m */ = {isa = PBXFileReference; fileEncoding = 4; lastKnownFileType = sourcecode.c.objc; name = AppUser.m; path = leso/class/AppUser.m; sourceTree = "<group>"; };
		2ED34C5E1B31137300D07188 /* AppUserReq.h */ = {isa = PBXFileReference; fileEncoding = 4; lastKnownFileType = sourcecode.c.h; name = AppUserReq.h; path = leso/class/AppUserReq.h; sourceTree = "<group>"; };
		2ED34C5F1B31137300D07188 /* AppUserReq.m */ = {isa = PBXFileReference; fileEncoding = 4; lastKnownFileType = sourcecode.c.objc; name = AppUserReq.m; path = leso/class/AppUserReq.m; sourceTree = "<group>"; };
		2ED34C611B31199900D07188 /* JsonObject.h */ = {isa = PBXFileReference; fileEncoding = 4; lastKnownFileType = sourcecode.c.h; name = JsonObject.h; path = leso/class/JsonObject.h; sourceTree = "<group>"; };
		2ED34C621B31199900D07188 /* JsonObject.m */ = {isa = PBXFileReference; fileEncoding = 4; lastKnownFileType = sourcecode.c.objc; name = JsonObject.m; path = leso/class/JsonObject.m; sourceTree = "<group>"; };
		2ED34C6C1B317A0600D07188 /* TrackReq.h */ = {isa = PBXFileReference; fileEncoding = 4; lastKnownFileType = sourcecode.c.h; name = TrackReq.h; path = leso/class/TrackReq.h; sourceTree = "<group>"; };
		2ED34C6D1B317A0600D07188 /* TrackReq.m */ = {isa = PBXFileReference; fileEncoding = 4; lastKnownFileType = sourcecode.c.objc; name = TrackReq.m; path = leso/class/TrackReq.m; sourceTree = "<group>"; };
		2EDFA3DD1B3D54D2003F7E2B /* Base */ = {isa = PBXFileReference; lastKnownFileType = file.xib; name = Base; path = Base.lproj/LoginViewController.xib; sourceTree = "<group>"; };
/* End PBXFileReference section */

/* Begin PBXFrameworksBuildPhase section */
		2E15A0D71B2A72470086B06F /* Frameworks */ = {
			isa = PBXFrameworksBuildPhase;
			buildActionMask = 2147483647;
			files = (
				2ED34C241B2FAE6600D07188 /* QuartzCore.framework in Frameworks */,
				2E15A11A1B2AAB6E0086B06F /* libsqlite3.dylib in Frameworks */,
				2E15A1181B2A7FCD0086B06F /* libz.dylib in Frameworks */,
				2E15A1161B2A7CEA0086B06F /* Security.framework in Frameworks */,
				2E15A1141B2A7CDC0086B06F /* CFNetwork.framework in Frameworks */,
				2E15A1121B2A7CD00086B06F /* CoreGraphics.framework in Frameworks */,
				2E15A1101B2A7CC10086B06F /* Foundation.framework in Frameworks */,
				2E15A10E1B2A7CB40086B06F /* UIKit.framework in Frameworks */,
				2E15A10C1B2A7C780086B06F /* libcurl.a in Frameworks */,
			);
			runOnlyForDeploymentPostprocessing = 0;
		};
/* End PBXFrameworksBuildPhase section */

/* Begin PBXGroup section */
		089294BD1B3AB66100B1AC68 /* uiclass */ = {
			isa = PBXGroup;
			children = (
				0892953B1B3B957600B1AC68 /* ToolsViewController.xib */,
				089295311B3B950E00B1AC68 /* SiteDetailViewController.xib */,
				089295361B3B953C00B1AC68 /* SiteSearchViewController.xib */,
				0892952C1B3B94DF00B1AC68 /* ServicesViewController.xib */,
				089295271B3B94A600B1AC68 /* SentViewController.xib */,
				089295221B3ABB7C00B1AC68 /* RegisterViewController.xib */,
				0892951D1B3ABB2300B1AC68 /* PasswordViewController.xib */,
				089295181B3ABAFF00B1AC68 /* OrderDetailViewController.xib */,
				089295131B3ABADF00B1AC68 /* NearbyLocationViewController.xib */,
				0892950E1B3ABAB900B1AC68 /* NameViewController.xib */,
				089295091B3ABA9300B1AC68 /* MyOrderViewController.xib */,
				089295041B3ABA6D00B1AC68 /* ModifyAddressViewController.xib */,
				089294FF1B3ABA4A00B1AC68 /* MaterialViewController.xib */,
				089294FA1B3ABA1000B1AC68 /* ForgetViewController.xib */,
				089294F51B3AB9ED00B1AC68 /* FeedbackViewController.xib */,
				089294F01B3AB9C500B1AC68 /* ExpressAgingViewController.xib */,
				089294EB1B3AB99E00B1AC68 /* EmailViewController.xib */,
				089294E61B3AB96C00B1AC68 /* ContrabandViewController.xib */,
				089294E11B3AB94300B1AC68 /* ComplainViewController.xib */,
				089294DC1B3AB91100B1AC68 /* ChooseTimeViewController.xib */,
				089294D71B3AB8E900B1AC68 /* ChooseAreaViewController.xib */,
				089294D21B3AB8B200B1AC68 /* BillDetailViewController.xib */,
				089294CD1B3AB88600B1AC68 /* AddressViewController.xib */,
				089294C81B3AB85800B1AC68 /* AddAddressViewController.xib */,
				089294C01B3AB7F600B1AC68 /* AboutViewController.xib */,
				2ED34C411B2FF82A00D07188 /* MTViewController.xib */,
				2ED34C081B2EC59B00D07188 /* ScrViewController.xib */,
				2ED34C4C1B302EF600D07188 /* FindBillViewController.xib */,
				2EDFA3D81B3CF78F003F7E2B /* LoginViewController.xib */,
				2ED34C3C1B2FCE4D00D07188 /* MyViewController.xib */,
				2ED34C371B2FCE2800D07188 /* MorViewController.xib */,
			);
			name = uiclass;
			sourceTree = "<group>";
		};
		2E15A0D11B2A72470086B06F = {
			isa = PBXGroup;
			children = (
				2E15A0DC1B2A72470086B06F /* leso */,
				089294BD1B3AB66100B1AC68 /* uiclass */,
				2ED34C541B3107E100D07188 /* class */,
				2ED34C101B2FADB200D07188 /* TabBarControl */,
				2ED34BEE1B2E5C7F00D07188 /* Bund.bundle */,
				2ED34BE61B2ACA7D00D07188 /* curl */,
				2ED34BE51B2ACA4F00D07188 /* db */,
				2E15A10A1B2A7BB80086B06F /* Frameworks */,
				2E15A0DB1B2A72470086B06F /* Products */,
			);
			sourceTree = "<group>";
		};
		2E15A0DB1B2A72470086B06F /* Products */ = {
			isa = PBXGroup;
			children = (
				2E15A0DA1B2A72470086B06F /* leso.app */,
			);
			name = Products;
			sourceTree = "<group>";
		};
		2E15A0DC1B2A72470086B06F /* leso */ = {
			isa = PBXGroup;
			children = (
				089295201B3ABB7C00B1AC68 /* RegisterViewController.h */,
				089295211B3ABB7C00B1AC68 /* RegisterViewController.m */,
				2ED34C351B2FCE2800D07188 /* MorViewController.h */,
				2ED34C361B2FCE2800D07188 /* MorViewController.m */,
				2ED34C3A1B2FCE4D00D07188 /* MyViewController.h */,
				2ED34C3B1B2FCE4D00D07188 /* MyViewController.m */,
				2ED34C4F1B30FC3900D07188 /* LoginViewController.h */,
				2ED34C501B30FC3900D07188 /* LoginViewController.m */,
				2ED34C4A1B302EF600D07188 /* FindBillViewController.h */,
				2ED34C4B1B302EF600D07188 /* FindBillViewController.m */,
				2E15A0E11B2A72470086B06F /* AppDelegate.h */,
				2E15A0E21B2A72470086B06F /* AppDelegate.m */,
				2E15A0EA1B2A72470086B06F /* Images.xcassets */,
				2E15A0DD1B2A72470086B06F /* Supporting Files */,
				2ED34C021B2EAE8D00D07188 /* PubFunction.h */,
				2ED34C031B2EAE8D00D07188 /* PubFunction.m */,
				2ED34C061B2EC59B00D07188 /* ScrViewController.h */,
				2ED34C071B2EC59B00D07188 /* ScrViewController.m */,
				2ED34C2F1B2FCC0E00D07188 /* ConViewController.h */,
				2ED34C301B2FCC0E00D07188 /* ConViewController.m */,
				2ED34C3F1B2FF82A00D07188 /* MTViewController.h */,
				2ED34C401B2FF82A00D07188 /* MTViewController.m */,
				2ED34C471B302EAB00D07188 /* CurViewController.h */,
				2ED34C481B302EAB00D07188 /* CurViewController.m */,
				089294BE1B3AB7F600B1AC68 /* AboutViewController.h */,
				089294BF1B3AB7F600B1AC68 /* AboutViewController.m */,
				089294C61B3AB85800B1AC68 /* AddAddressViewController.h */,
				089294C71B3AB85800B1AC68 /* AddAddressViewController.m */,
				089294CB1B3AB88600B1AC68 /* AddressViewController.h */,
				089294CC1B3AB88600B1AC68 /* AddressViewController.m */,
				089294D01B3AB8B200B1AC68 /* BillDetailViewController.h */,
				089294D11B3AB8B200B1AC68 /* BillDetailViewController.m */,
				089294D51B3AB8E900B1AC68 /* ChooseAreaViewController.h */,
				089294D61B3AB8E900B1AC68 /* ChooseAreaViewController.m */,
				089294DA1B3AB91100B1AC68 /* ChooseTimeViewController.h */,
				089294DB1B3AB91100B1AC68 /* ChooseTimeViewController.m */,
				089294DF1B3AB94300B1AC68 /* ComplainViewController.h */,
				089294E01B3AB94300B1AC68 /* ComplainViewController.m */,
				089294E41B3AB96C00B1AC68 /* ContrabandViewController.h */,
				089294E51B3AB96C00B1AC68 /* ContrabandViewController.m */,
				089294E91B3AB99E00B1AC68 /* EmailViewController.h */,
				089294EA1B3AB99E00B1AC68 /* EmailViewController.m */,
				089294EE1B3AB9C500B1AC68 /* ExpressAgingViewController.h */,
				089294EF1B3AB9C500B1AC68 /* ExpressAgingViewController.m */,
				089294F31B3AB9ED00B1AC68 /* FeedbackViewController.h */,
				089294F41B3AB9ED00B1AC68 /* FeedbackViewController.m */,
				089294F81B3ABA1000B1AC68 /* ForgetViewController.h */,
				089294F91B3ABA1000B1AC68 /* ForgetViewController.m */,
				089294FD1B3ABA4A00B1AC68 /* MaterialViewController.h */,
				089294FE1B3ABA4A00B1AC68 /* MaterialViewController.m */,
				089295021B3ABA6D00B1AC68 /* ModifyAddressViewController.h */,
				089295031B3ABA6D00B1AC68 /* ModifyAddressViewController.m */,
				089295071B3ABA9300B1AC68 /* MyOrderViewController.h */,
				089295081B3ABA9300B1AC68 /* MyOrderViewController.m */,
				0892950C1B3ABAB900B1AC68 /* NameViewController.h */,
				0892950D1B3ABAB900B1AC68 /* NameViewController.m */,
				089295111B3ABADF00B1AC68 /* NearbyLocationViewController.h */,
				089295121B3ABADF00B1AC68 /* NearbyLocationViewController.m */,
				089295161B3ABAFF00B1AC68 /* OrderDetailViewController.h */,
				089295171B3ABAFF00B1AC68 /* OrderDetailViewController.m */,
				0892951B1B3ABB2300B1AC68 /* PasswordViewController.h */,
				0892951C1B3ABB2300B1AC68 /* PasswordViewController.m */,
				089295251B3B94A600B1AC68 /* SentViewController.h */,
				089295261B3B94A600B1AC68 /* SentViewController.m */,
				0892952A1B3B94DF00B1AC68 /* ServicesViewController.h */,
				0892952B1B3B94DF00B1AC68 /* ServicesViewController.m */,
				0892952F1B3B950E00B1AC68 /* SiteDetailViewController.h */,
				089295301B3B950E00B1AC68 /* SiteDetailViewController.m */,
				089295341B3B953C00B1AC68 /* SiteSearchViewController.h */,
				089295351B3B953C00B1AC68 /* SiteSearchViewController.m */,
				089295391B3B957600B1AC68 /* ToolsViewController.h */,
				0892953A1B3B957600B1AC68 /* ToolsViewController.m */,
			);
			path = leso;
			sourceTree = "<group>";
		};
		2E15A0DD1B2A72470086B06F /* Supporting Files */ = {
			isa = PBXGroup;
			children = (
				2E15A0DE1B2A72470086B06F /* Info.plist */,
				2E15A0DF1B2A72470086B06F /* main.m */,
			);
			name = "Supporting Files";
			sourceTree = "<group>";
		};
		2E15A10A1B2A7BB80086B06F /* Frameworks */ = {
			isa = PBXGroup;
			children = (
				2ED34C231B2FAE6600D07188 /* QuartzCore.framework */,
				2E15A1191B2AAB6E0086B06F /* libsqlite3.dylib */,
				2E15A1171B2A7FCD0086B06F /* libz.dylib */,
				2E15A1151B2A7CEA0086B06F /* Security.framework */,
				2E15A1131B2A7CDC0086B06F /* CFNetwork.framework */,
				2E15A1111B2A7CD00086B06F /* CoreGraphics.framework */,
				2E15A10F1B2A7CC10086B06F /* Foundation.framework */,
				2E15A10D1B2A7CB40086B06F /* UIKit.framework */,
				2E15A10B1B2A7C780086B06F /* libcurl.a */,
			);
			name = Frameworks;
			sourceTree = "<group>";
		};
		2ED34BE51B2ACA4F00D07188 /* db */ = {
			isa = PBXGroup;
			children = (
				2ED34BE31B2AC89900D07188 /* tdDB.m */,
				2ED34BE21B2AC89900D07188 /* tdDB.h */,
			);
			name = db;
			sourceTree = "<group>";
		};
		2ED34BE61B2ACA7D00D07188 /* curl */ = {
			isa = PBXGroup;
			children = (
				2E15A1051B2A742E0086B06F /* tdCurl.m */,
				2E15A1041B2A742E0086B06F /* tdCurl.h */,
				2E15A1031B2A73B20086B06F /* curlProtocol.h */,
			);
			name = curl;
			sourceTree = "<group>";
		};
		2ED34C101B2FADB200D07188 /* TabBarControl */ = {
			isa = PBXGroup;
			children = (
				2ED34C221B2FADFA00D07188 /* AKTab.h */,
				2ED34C1E1B2FADF400D07188 /* AKTabBarView.m */,
				2ED34C1F1B2FADF400D07188 /* UIViewController+AKTabBarController.m */,
				2ED34C111B2FADE800D07188 /* AKTab.m */,
				2ED34C121B2FADE800D07188 /* AKTabBar.h */,
				2ED34C131B2FADE800D07188 /* AKTabBar.m */,
				2ED34C141B2FADE800D07188 /* AKTabBarController.h */,
				2ED34C151B2FADE800D07188 /* AKTabBarController.m */,
				2ED34C161B2FADE800D07188 /* AKTabBarView.h */,
				2ED34C171B2FADE800D07188 /* UINavigationController+AKTabBarController.h */,
				2ED34C181B2FADE800D07188 /* UINavigationController+AKTabBarController.m */,
				2ED34C191B2FADE800D07188 /* UIViewController+AKTabBarController.h */,
			);
			name = TabBarControl;
			sourceTree = "<group>";
		};
		2ED34C541B3107E100D07188 /* class */ = {
			isa = PBXGroup;
			children = (
				2ED34C581B31109A00D07188 /* BaseReq.h */,
				2ED34C591B31109A00D07188 /* BaseReq.m */,
				2ED34C5B1B31132100D07188 /* AppUser.h */,
				2ED34C5C1B31132100D07188 /* AppUser.m */,
				2ED34C5E1B31137300D07188 /* AppUserReq.h */,
				2ED34C5F1B31137300D07188 /* AppUserReq.m */,
				2ED34C611B31199900D07188 /* JsonObject.h */,
				2ED34C621B31199900D07188 /* JsonObject.m */,
				2ED34C6C1B317A0600D07188 /* TrackReq.h */,
				2ED34C6D1B317A0600D07188 /* TrackReq.m */,
				0892949C1B3AAA6600B1AC68 /* AddressBook.h */,
				0892949D1B3AAA6600B1AC68 /* AddressBook.m */,
				0892949F1B3AAB4000B1AC68 /* AppOrder.h */,
				089294A01B3AAB4000B1AC68 /* AppOrder.m */,
				089294A21B3AAC2400B1AC68 /* AppOrderQueryReq.h */,
				089294A31B3AAC2400B1AC68 /* AppOrderQueryReq.m */,
				089294A51B3AACD100B1AC68 /* AppOrderReq.h */,
				089294A61B3AACD100B1AC68 /* AppOrderReq.m */,
				089294A81B3AAD6200B1AC68 /* ComplaintReq.h */,
				089294A91B3AAD6200B1AC68 /* ComplaintReq.m */,
				089294AB1B3AAE2700B1AC68 /* ExpressAgingQueryReq.h */,
				089294AC1B3AAE2700B1AC68 /* ExpressAgingQueryReq.m */,
				089294AE1B3AAED900B1AC68 /* ResultPOJO.h */,
				089294AF1B3AAED900B1AC68 /* ResultPOJO.m */,
				089294B11B3AAF6000B1AC68 /* SenderAddressBookReq.h */,
				089294B21B3AAF6000B1AC68 /* SenderAddressBookReq.m */,
				089294B41B3AB2AA00B1AC68 /* SiteInfo.h */,
				089294B51B3AB2AA00B1AC68 /* SiteInfo.m */,
				089294B71B3AB4D700B1AC68 /* SiteQueryReq.h */,
				089294B81B3AB4D700B1AC68 /* SiteQueryReq.m */,
				089294BA1B3AB58600B1AC68 /* VersionUpdateReq.h */,
				089294BB1B3AB58600B1AC68 /* VersionUpdateReq.m */,
			);
			name = class;
			sourceTree = "<group>";
		};
/* End PBXGroup section */

/* Begin PBXNativeTarget section */
		2E15A0D91B2A72470086B06F /* leso */ = {
			isa = PBXNativeTarget;
			buildConfigurationList = 2E15A0FD1B2A72470086B06F /* Build configuration list for PBXNativeTarget "leso" */;
			buildPhases = (
				2E15A0D61B2A72470086B06F /* Sources */,
				2E15A0D71B2A72470086B06F /* Frameworks */,
				2E15A0D81B2A72470086B06F /* Resources */,
			);
			buildRules = (
			);
			dependencies = (
			);
			name = leso;
			productName = leso;
			productReference = 2E15A0DA1B2A72470086B06F /* leso.app */;
			productType = "com.apple.product-type.application";
		};
/* End PBXNativeTarget section */

/* Begin PBXProject section */
		2E15A0D21B2A72470086B06F /* Project object */ = {
			isa = PBXProject;
			attributes = {
				LastUpgradeCheck = 0630;
				ORGANIZATIONNAME = "信息部";
				TargetAttributes = {
					2E15A0D91B2A72470086B06F = {
						CreatedOnToolsVersion = 6.3.2;
					};
				};
			};
			buildConfigurationList = 2E15A0D51B2A72470086B06F /* Build configuration list for PBXProject "leso" */;
			compatibilityVersion = "Xcode 3.2";
			developmentRegion = English;
			hasScannedForEncodings = 0;
			knownRegions = (
				en,
				Base,
			);
			mainGroup = 2E15A0D11B2A72470086B06F;
			productRefGroup = 2E15A0DB1B2A72470086B06F /* Products */;
			projectDirPath = "";
			projectRoot = "";
			targets = (
				2E15A0D91B2A72470086B06F /* leso */,
			);
		};
/* End PBXProject section */

/* Begin PBXResourcesBuildPhase section */
		2E15A0D81B2A72470086B06F /* Resources */ = {
			isa = PBXResourcesBuildPhase;
			buildActionMask = 2147483647;
			files = (
				089294F71B3AB9ED00B1AC68 /* FeedbackViewController.xib in Resources */,
				089295011B3ABA4A00B1AC68 /* MaterialViewController.xib in Resources */,
				089294D91B3AB8E900B1AC68 /* ChooseAreaViewController.xib in Resources */,
				089295061B3ABA6D00B1AC68 /* ModifyAddressViewController.xib in Resources */,
				2ED34C3E1B2FCE4D00D07188 /* MyViewController.xib in Resources */,
				2ED34BEF1B2E5C7F00D07188 /* Bund.bundle in Resources */,
				2ED34C391B2FCE2800D07188 /* MorViewController.xib in Resources */,
				089294DE1B3AB91100B1AC68 /* ChooseTimeViewController.xib in Resources */,
				2ED34C431B2FF82A00D07188 /* MTViewController.xib in Resources */,
				089295291B3B94A600B1AC68 /* SentViewController.xib in Resources */,
				2E15A0EB1B2A72470086B06F /* Images.xcassets in Resources */,
				089295151B3ABADF00B1AC68 /* NearbyLocationViewController.xib in Resources */,
				2ED34C4E1B302EF600D07188 /* FindBillViewController.xib in Resources */,
				089295331B3B950E00B1AC68 /* SiteDetailViewController.xib in Resources */,
				0892951A1B3ABAFF00B1AC68 /* OrderDetailViewController.xib in Resources */,
				089294E81B3AB96C00B1AC68 /* ContrabandViewController.xib in Resources */,
				2ED34C0A1B2EC59B00D07188 /* ScrViewController.xib in Resources */,
				089294C21B3AB7F600B1AC68 /* AboutViewController.xib in Resources */,
				0892953D1B3B957600B1AC68 /* ToolsViewController.xib in Resources */,
				0892951F1B3ABB2300B1AC68 /* PasswordViewController.xib in Resources */,
				089294E31B3AB94300B1AC68 /* ComplainViewController.xib in Resources */,
				2EDFA3D61B3CF78F003F7E2B /* LoginViewController.xib in Resources */,
				0892952E1B3B94DF00B1AC68 /* ServicesViewController.xib in Resources */,
				089294CA1B3AB85800B1AC68 /* AddAddressViewController.xib in Resources */,
				089295381B3B953C00B1AC68 /* SiteSearchViewController.xib in Resources */,
				089294FC1B3ABA1000B1AC68 /* ForgetViewController.xib in Resources */,
				089294ED1B3AB99E00B1AC68 /* EmailViewController.xib in Resources */,
				0892950B1B3ABA9300B1AC68 /* MyOrderViewController.xib in Resources */,
				089295241B3ABB7C00B1AC68 /* RegisterViewController.xib in Resources */,
				089294D41B3AB8B200B1AC68 /* BillDetailViewController.xib in Resources */,
				089294F21B3AB9C500B1AC68 /* ExpressAgingViewController.xib in Resources */,
				089294CF1B3AB88600B1AC68 /* AddressViewController.xib in Resources */,
				089295101B3ABAB900B1AC68 /* NameViewController.xib in Resources */,
			);
			runOnlyForDeploymentPostprocessing = 0;
		};
/* End PBXResourcesBuildPhase section */

/* Begin PBXSourcesBuildPhase section */
		2E15A0D61B2A72470086B06F /* Sources */ = {
			isa = PBXSourcesBuildPhase;
			buildActionMask = 2147483647;
			files = (
				089295321B3B950E00B1AC68 /* SiteDetailViewController.m in Sources */,
				089295231B3ABB7C00B1AC68 /* RegisterViewController.m in Sources */,
				2ED34C201B2FADF400D07188 /* AKTabBarView.m in Sources */,
				089295001B3ABA4A00B1AC68 /* MaterialViewController.m in Sources */,
				089294AD1B3AAE2700B1AC68 /* ExpressAgingQueryReq.m in Sources */,
				089294A41B3AAC2400B1AC68 /* AppOrderQueryReq.m in Sources */,
				2ED34C1C1B2FADE800D07188 /* AKTabBarController.m in Sources */,
				089294A11B3AAB4000B1AC68 /* AppOrder.m in Sources */,
				0892949E1B3AAA6600B1AC68 /* AddressBook.m in Sources */,
				089294F11B3AB9C500B1AC68 /* ExpressAgingViewController.m in Sources */,
				2ED34C3D1B2FCE4D00D07188 /* MyViewController.m in Sources */,
				089294CE1B3AB88600B1AC68 /* AddressViewController.m in Sources */,
				089295141B3ABADF00B1AC68 /* NearbyLocationViewController.m in Sources */,
				2ED34C5A1B31109A00D07188 /* BaseReq.m in Sources */,
				089294E21B3AB94300B1AC68 /* ComplainViewController.m in Sources */,
				2ED34C491B302EAB00D07188 /* CurViewController.m in Sources */,
				089294B01B3AAED900B1AC68 /* ResultPOJO.m in Sources */,
				089295281B3B94A600B1AC68 /* SentViewController.m in Sources */,
				2ED34C4D1B302EF600D07188 /* FindBillViewController.m in Sources */,
				089294B31B3AAF6000B1AC68 /* SenderAddressBookReq.m in Sources */,
				089294DD1B3AB91100B1AC68 /* ChooseTimeViewController.m in Sources */,
				089295191B3ABAFF00B1AC68 /* OrderDetailViewController.m in Sources */,
				089294AA1B3AAD6200B1AC68 /* ComplaintReq.m in Sources */,
				0892952D1B3B94DF00B1AC68 /* ServicesViewController.m in Sources */,
				0892953C1B3B957600B1AC68 /* ToolsViewController.m in Sources */,
				089294F61B3AB9ED00B1AC68 /* FeedbackViewController.m in Sources */,
				2ED34C631B31199900D07188 /* JsonObject.m in Sources */,
				2ED34C1A1B2FADE800D07188 /* AKTab.m in Sources */,
				2ED34C601B31137300D07188 /* AppUserReq.m in Sources */,
				2ED34BE41B2AC89900D07188 /* tdDB.m in Sources */,
				089294A71B3AACD100B1AC68 /* AppOrderReq.m in Sources */,
				089294C11B3AB7F600B1AC68 /* AboutViewController.m in Sources */,
				089294B61B3AB2AA00B1AC68 /* SiteInfo.m in Sources */,
				2ED34C6E1B317A0600D07188 /* TrackReq.m in Sources */,
				0892950A1B3ABA9300B1AC68 /* MyOrderViewController.m in Sources */,
				2ED34C311B2FCC0E00D07188 /* ConViewController.m in Sources */,
				2E15A1061B2A742E0086B06F /* tdCurl.m in Sources */,
				089294BC1B3AB58600B1AC68 /* VersionUpdateReq.m in Sources */,
				089294E71B3AB96C00B1AC68 /* ContrabandViewController.m in Sources */,
				2ED34C041B2EAE8D00D07188 /* PubFunction.m in Sources */,
				2E15A0E31B2A72470086B06F /* AppDelegate.m in Sources */,
				089294D31B3AB8B200B1AC68 /* BillDetailViewController.m in Sources */,
				089294EC1B3AB99E00B1AC68 /* EmailViewController.m in Sources */,
				2ED34C5D1B31132100D07188 /* AppUser.m in Sources */,
				089294C91B3AB85800B1AC68 /* AddAddressViewController.m in Sources */,
				089294FB1B3ABA1000B1AC68 /* ForgetViewController.m in Sources */,
				089294D81B3AB8E900B1AC68 /* ChooseAreaViewController.m in Sources */,
				2E15A0E01B2A72470086B06F /* main.m in Sources */,
				089294B91B3AB4D700B1AC68 /* SiteQueryReq.m in Sources */,
				2ED34C381B2FCE2800D07188 /* MorViewController.m in Sources */,
				2ED34C091B2EC59B00D07188 /* ScrViewController.m in Sources */,
				2ED34C1B1B2FADE800D07188 /* AKTabBar.m in Sources */,
				2ED34C521B30FC3900D07188 /* LoginViewController.m in Sources */,
				2ED34C421B2FF82A00D07188 /* MTViewController.m in Sources */,
				0892950F1B3ABAB900B1AC68 /* NameViewController.m in Sources */,
				089295371B3B953C00B1AC68 /* SiteSearchViewController.m in Sources */,
				2ED34C211B2FADF400D07188 /* UIViewController+AKTabBarController.m in Sources */,
				089295051B3ABA6D00B1AC68 /* ModifyAddressViewController.m in Sources */,
				2ED34C1D1B2FADE800D07188 /* UINavigationController+AKTabBarController.m in Sources */,
				0892951E1B3ABB2300B1AC68 /* PasswordViewController.m in Sources */,
			);
			runOnlyForDeploymentPostprocessing = 0;
		};
/* End PBXSourcesBuildPhase section */

/* Begin PBXVariantGroup section */
		2EDFA3D81B3CF78F003F7E2B /* LoginViewController.xib */ = {
			isa = PBXVariantGroup;
			children = (
				2EDFA3DD1B3D54D2003F7E2B /* Base */,
			);
			name = LoginViewController.xib;
			path = leso/uiclass;
			sourceTree = "<group>";
		};
/* End PBXVariantGroup section */

/* Begin XCBuildConfiguration section */
		2E15A0FB1B2A72470086B06F /* Debug */ = {
			isa = XCBuildConfiguration;
			buildSettings = {
				ALWAYS_SEARCH_USER_PATHS = NO;
				CLANG_CXX_LANGUAGE_STANDARD = "gnu++0x";
				CLANG_CXX_LIBRARY = "libc++";
				CLANG_ENABLE_MODULES = YES;
				CLANG_ENABLE_OBJC_ARC = YES;
				CLANG_WARN_BOOL_CONVERSION = YES;
				CLANG_WARN_CONSTANT_CONVERSION = YES;
				CLANG_WARN_DIRECT_OBJC_ISA_USAGE = YES_ERROR;
				CLANG_WARN_EMPTY_BODY = YES;
				CLANG_WARN_ENUM_CONVERSION = YES;
				CLANG_WARN_INT_CONVERSION = YES;
				CLANG_WARN_OBJC_ROOT_CLASS = YES_ERROR;
				CLANG_WARN_UNREACHABLE_CODE = YES;
				CLANG_WARN__DUPLICATE_METHOD_MATCH = YES;
				"CODE_SIGN_IDENTITY[sdk=iphoneos*]" = "iPhone Developer";
				COPY_PHASE_STRIP = NO;
				DEBUG_INFORMATION_FORMAT = "dwarf-with-dsym";
				ENABLE_STRICT_OBJC_MSGSEND = YES;
				GCC_C_LANGUAGE_STANDARD = gnu99;
				GCC_DYNAMIC_NO_PIC = NO;
				GCC_NO_COMMON_BLOCKS = YES;
				GCC_OPTIMIZATION_LEVEL = 0;
				GCC_PREPROCESSOR_DEFINITIONS = (
					"DEBUG=1",
					"$(inherited)",
				);
				GCC_SYMBOLS_PRIVATE_EXTERN = NO;
				GCC_WARN_64_TO_32_BIT_CONVERSION = YES;
				GCC_WARN_ABOUT_RETURN_TYPE = YES_ERROR;
				GCC_WARN_UNDECLARED_SELECTOR = YES;
				GCC_WARN_UNINITIALIZED_AUTOS = YES_AGGRESSIVE;
				GCC_WARN_UNUSED_FUNCTION = YES;
				GCC_WARN_UNUSED_VARIABLE = YES;
				IPHONEOS_DEPLOYMENT_TARGET = 8.3;
				MTL_ENABLE_DEBUG_INFO = YES;
				ONLY_ACTIVE_ARCH = YES;
				SDKROOT = iphoneos;
				TARGETED_DEVICE_FAMILY = "1,2";
			};
			name = Debug;
		};
		2E15A0FC1B2A72470086B06F /* Release */ = {
			isa = XCBuildConfiguration;
			buildSettings = {
				ALWAYS_SEARCH_USER_PATHS = NO;
				CLANG_CXX_LANGUAGE_STANDARD = "gnu++0x";
				CLANG_CXX_LIBRARY = "libc++";
				CLANG_ENABLE_MODULES = YES;
				CLANG_ENABLE_OBJC_ARC = YES;
				CLANG_WARN_BOOL_CONVERSION = YES;
				CLANG_WARN_CONSTANT_CONVERSION = YES;
				CLANG_WARN_DIRECT_OBJC_ISA_USAGE = YES_ERROR;
				CLANG_WARN_EMPTY_BODY = YES;
				CLANG_WARN_ENUM_CONVERSION = YES;
				CLANG_WARN_INT_CONVERSION = YES;
				CLANG_WARN_OBJC_ROOT_CLASS = YES_ERROR;
				CLANG_WARN_UNREACHABLE_CODE = YES;
				CLANG_WARN__DUPLICATE_METHOD_MATCH = YES;
				"CODE_SIGN_IDENTITY[sdk=iphoneos*]" = "iPhone Developer";
				COPY_PHASE_STRIP = NO;
				DEBUG_INFORMATION_FORMAT = "dwarf-with-dsym";
				ENABLE_NS_ASSERTIONS = NO;
				ENABLE_STRICT_OBJC_MSGSEND = YES;
				GCC_C_LANGUAGE_STANDARD = gnu99;
				GCC_NO_COMMON_BLOCKS = YES;
				GCC_WARN_64_TO_32_BIT_CONVERSION = YES;
				GCC_WARN_ABOUT_RETURN_TYPE = YES_ERROR;
				GCC_WARN_UNDECLARED_SELECTOR = YES;
				GCC_WARN_UNINITIALIZED_AUTOS = YES_AGGRESSIVE;
				GCC_WARN_UNUSED_FUNCTION = YES;
				GCC_WARN_UNUSED_VARIABLE = YES;
				IPHONEOS_DEPLOYMENT_TARGET = 8.3;
				MTL_ENABLE_DEBUG_INFO = NO;
				SDKROOT = iphoneos;
				TARGETED_DEVICE_FAMILY = "1,2";
				VALIDATE_PRODUCT = YES;
			};
			name = Release;
		};
		2E15A0FE1B2A72470086B06F /* Debug */ = {
			isa = XCBuildConfiguration;
			buildSettings = {
				ASSETCATALOG_COMPILER_APPICON_NAME = AppIcon;
				CLANG_ENABLE_OBJC_ARC = NO;
				FRAMEWORK_SEARCH_PATHS = (
					"$(inherited)",
					"$(PROJECT_DIR)/leso/afile",
				);
				GCC_WARN_ALLOW_INCOMPLETE_PROTOCOL = YES;
				INFOPLIST_FILE = leso/Info.plist;
				LD_RUNPATH_SEARCH_PATHS = "$(inherited) @executable_path/Frameworks";
				LIBRARY_SEARCH_PATHS = (
					"$(inherited)",
					"$(PROJECT_DIR)/leso/afile",
				);
				PRODUCT_NAME = "$(TARGET_NAME)";
			};
			name = Debug;
		};
		2E15A0FF1B2A72470086B06F /* Release */ = {
			isa = XCBuildConfiguration;
			buildSettings = {
				ASSETCATALOG_COMPILER_APPICON_NAME = AppIcon;
				CLANG_ENABLE_OBJC_ARC = NO;
				FRAMEWORK_SEARCH_PATHS = (
					"$(inherited)",
					"$(PROJECT_DIR)/leso/afile",
				);
				GCC_WARN_ALLOW_INCOMPLETE_PROTOCOL = YES;
				INFOPLIST_FILE = leso/Info.plist;
				LD_RUNPATH_SEARCH_PATHS = "$(inherited) @executable_path/Frameworks";
				LIBRARY_SEARCH_PATHS = (
					"$(inherited)",
					"$(PROJECT_DIR)/leso/afile",
				);
				PRODUCT_NAME = "$(TARGET_NAME)";
			};
			name = Release;
		};
/* End XCBuildConfiguration section */

/* Begin XCConfigurationList section */
		2E15A0D51B2A72470086B06F /* Build configuration list for PBXProject "leso" */ = {
			isa = XCConfigurationList;
			buildConfigurations = (
				2E15A0FB1B2A72470086B06F /* Debug */,
				2E15A0FC1B2A72470086B06F /* Release */,
			);
			defaultConfigurationIsVisible = 0;
			defaultConfigurationName = Release;
		};
		2E15A0FD1B2A72470086B06F /* Build configuration list for PBXNativeTarget "leso" */ = {
			isa = XCConfigurationList;
			buildConfigurations = (
				2E15A0FE1B2A72470086B06F /* Debug */,
				2E15A0FF1B2A72470086B06F /* Release */,
			);
			defaultConfigurationIsVisible = 0;
			defaultConfigurationName = Release;
		};
/* End XCConfigurationList section */
	};
	rootObject = 2E15A0D21B2A72470086B06F /* Project object */;
}
